// !$*UTF8*$!
{
	archiveVersion = 1;
	classes = {
	};
	objectVersion = 52;
	objects = {

/* Begin PBXBuildFile section */
		0B159D7B233234C30038F086 /* MobAD.bundle in Resources */ = {isa = PBXBuildFile; fileRef = 0B159D7A233234C30038F086 /* MobAD.bundle */; };
		506A800D22F170A6008A3653 /* libxml2.tbd in Frameworks */ = {isa = PBXBuildFile; fileRef = 506A800C22F170A6008A3653 /* libxml2.tbd */; };
		509777C322F023BE00FA588C /* AppDelegate.m in Sources */ = {isa = PBXBuildFile; fileRef = 509777C222F023BE00FA588C /* AppDelegate.m */; };
		509777D122F023BF00FA588C /* main.m in Sources */ = {isa = PBXBuildFile; fileRef = 509777D022F023BF00FA588C /* main.m */; };
		509777DB22F023C000FA588C /* MOBAdsDemoTests.m in Sources */ = {isa = PBXBuildFile; fileRef = 509777DA22F023C000FA588C /* MOBAdsDemoTests.m */; };
		5097780F22F0390000FA588C /* libz.tbd in Frameworks */ = {isa = PBXBuildFile; fileRef = 5097780E22F0390000FA588C /* libz.tbd */; };
		5097781122F0391100FA588C /* libc++.tbd in Frameworks */ = {isa = PBXBuildFile; fileRef = 5097781022F0391100FA588C /* libc++.tbd */; };
		5E13D5952383E0A9008C3DCC /* CoreGraphics.framework in Frameworks */ = {isa = PBXBuildFile; fileRef = 5E13D5942383E0A9008C3DCC /* CoreGraphics.framework */; };
		5E13D5972383E0B5008C3DCC /* Security.framework in Frameworks */ = {isa = PBXBuildFile; fileRef = 5E13D5962383E0B5008C3DCC /* Security.framework */; };
		5E13D5982383E0C7008C3DCC /* CoreTelephony.framework in Frameworks */ = {isa = PBXBuildFile; fileRef = 5E7A13A7237B9EB4003E66C7 /* CoreTelephony.framework */; };
		5E13D59A2383E0D2008C3DCC /* CoreData.framework in Frameworks */ = {isa = PBXBuildFile; fileRef = 5E13D5992383E0D2008C3DCC /* CoreData.framework */; };
		5E13D5AB2384F723008C3DCC /* MBProgressHUD.m in Sources */ = {isa = PBXBuildFile; fileRef = 5E13D5A92384F723008C3DCC /* MBProgressHUD.m */; };
		5E398FC2234F5FBC002AB597 /* Assets.xcassets in Resources */ = {isa = PBXBuildFile; fileRef = 5E398FC1234F5FBC002AB597 /* Assets.xcassets */; };
		5E70DD052340B48100AA29FA /* drawLocal_111.mov in Resources */ = {isa = PBXBuildFile; fileRef = 5E70DCFD2340B48100AA29FA /* drawLocal_111.mov */; };
		5E70DD062340B48100AA29FA /* drawLocal_112.mov in Resources */ = {isa = PBXBuildFile; fileRef = 5E70DCFE2340B48100AA29FA /* drawLocal_112.mov */; };
		5E70DD0C2340B48100AA29FA /* drawLocal_110.mov in Resources */ = {isa = PBXBuildFile; fileRef = 5E70DD042340B48100AA29FA /* drawLocal_110.mov */; };
		5E732C432332272E00BFB339 /* MADNativeFeedViewController.m in Sources */ = {isa = PBXBuildFile; fileRef = 5E732C422332272E00BFB339 /* MADNativeFeedViewController.m */; };
		5E732C49233238BD00BFB339 /* MADNativeFeedTableViewCell.m in Sources */ = {isa = PBXBuildFile; fileRef = 5E732C48233238BD00BFB339 /* MADNativeFeedTableViewCell.m */; };
		5E7A139A237B9E56003E66C7 /* libsqlite3.tbd in Frameworks */ = {isa = PBXBuildFile; fileRef = 5E7A1399237B9E56003E66C7 /* libsqlite3.tbd */; };
		5E7A139D237B9E75003E66C7 /* CoreMedia.framework in Frameworks */ = {isa = PBXBuildFile; fileRef = 5E7A139B237B9E75003E66C7 /* CoreMedia.framework */; };
		5E7A139E237B9E75003E66C7 /* MediaPlayer.framework in Frameworks */ = {isa = PBXBuildFile; fileRef = 5E7A139C237B9E75003E66C7 /* MediaPlayer.framework */; };
		5E7A13A2237B9E93003E66C7 /* AdSupport.framework in Frameworks */ = {isa = PBXBuildFile; fileRef = 5E7A13A0237B9E93003E66C7 /* AdSupport.framework */; };
		5E7A13B0237B9F30003E66C7 /* SystemConfiguration.framework in Frameworks */ = {isa = PBXBuildFile; fileRef = 5E7A13A5237B9EA9003E66C7 /* SystemConfiguration.framework */; };
		5E7A13B1237B9F3C003E66C7 /* MobileCoreServices.framework in Frameworks */ = {isa = PBXBuildFile; fileRef = 5E7A13A9237B9EC0003E66C7 /* MobileCoreServices.framework */; };
		5E7A13B3237B9F5A003E66C7 /* CoreMotion.framework in Frameworks */ = {isa = PBXBuildFile; fileRef = 5E7A13AB237B9ECC003E66C7 /* CoreMotion.framework */; };
		5E7A13B4237B9F62003E66C7 /* Accelerate.framework in Frameworks */ = {isa = PBXBuildFile; fileRef = 5E7A139F237B9E93003E66C7 /* Accelerate.framework */; };
		5E94BC0B23796B66005E512B /* ImageIO.framework in Frameworks */ = {isa = PBXBuildFile; fileRef = 5E94BC0A23796B66005E512B /* ImageIO.framework */; };
		5E94BC0F23796BD7005E512B /* libresolv.9.tbd in Frameworks */ = {isa = PBXBuildFile; fileRef = 5E94BBF923796643005E512B /* libresolv.9.tbd */; };
		5E94BC41237AB3B4005E512B /* launchPic.jpg in Resources */ = {isa = PBXBuildFile; fileRef = 5E94BC40237AB3B4005E512B /* launchPic.jpg */; };
		5E94BC48237AB3EA005E512B /* LaunchViewController.m in Sources */ = {isa = PBXBuildFile; fileRef = 5E94BC46237AB3EA005E512B /* LaunchViewController.m */; };
		5E94BC49237AB3EA005E512B /* LaunchViewController.xib in Resources */ = {isa = PBXBuildFile; fileRef = 5E94BC47237AB3EA005E512B /* LaunchViewController.xib */; };
		5E9D358F231FE71500F1A1B6 /* UIView+Draw.m in Sources */ = {isa = PBXBuildFile; fileRef = 5E9D358E231FE71500F1A1B6 /* UIView+Draw.m */; };
		5E9D35962320EC0500F1A1B6 /* MobADNormalButton.m in Sources */ = {isa = PBXBuildFile; fileRef = 5E9D35952320EC0500F1A1B6 /* MobADNormalButton.m */; };
		5E9D35D5232131B800F1A1B6 /* MobADDrawVideoAdViewController.m in Sources */ = {isa = PBXBuildFile; fileRef = 5E9D35D4232131B800F1A1B6 /* MobADDrawVideoAdViewController.m */; };
		5E9D35DB2321338100F1A1B6 /* MobADDrawTableViewCell.m in Sources */ = {isa = PBXBuildFile; fileRef = 5E9D35DA2321338100F1A1B6 /* MobADDrawTableViewCell.m */; };
		5E9D35DE232137E000F1A1B6 /* MobADPlayerViewController.m in Sources */ = {isa = PBXBuildFile; fileRef = 5E9D35DD232137E000F1A1B6 /* MobADPlayerViewController.m */; };
		5E9D3729232F303E00F1A1B6 /* MADBannerViewController.m in Sources */ = {isa = PBXBuildFile; fileRef = 5E9D3728232F303E00F1A1B6 /* MADBannerViewController.m */; };
		5E9D372C232F30C800F1A1B6 /* MADInterstitialViewController.m in Sources */ = {isa = PBXBuildFile; fileRef = 5E9D372B232F30C800F1A1B6 /* MADInterstitialViewController.m */; };
		5EC25DC0238BD2F000438AB7 /* UIImage+Color.m in Sources */ = {isa = PBXBuildFile; fileRef = 5EC25DBF238BD2F000438AB7 /* UIImage+Color.m */; };
		5EC25DC3238BD6DC00438AB7 /* MADFullScreenVideoAdViewController.m in Sources */ = {isa = PBXBuildFile; fileRef = 5EC25DC2238BD6DC00438AB7 /* MADFullScreenVideoAdViewController.m */; };
		5EC25DC6238BD92500438AB7 /* MADRewardVideoAdViewController.m in Sources */ = {isa = PBXBuildFile; fileRef = 5EC25DC5238BD92500438AB7 /* MADRewardVideoAdViewController.m */; };
		5EC25DC9238BDB9200438AB7 /* MADDrawVideoFeedViewController.m in Sources */ = {isa = PBXBuildFile; fileRef = 5EC25DC8238BDB9200438AB7 /* MADDrawVideoFeedViewController.m */; };
		5ED6B89A23575D6800CBE455 /* MADSplashViewController.m in Sources */ = {isa = PBXBuildFile; fileRef = 5ED6B89923575D6800CBE455 /* MADSplashViewController.m */; };
		5EF9D52B2330E03B0063DFA1 /* MADNativeExpressFeedViewController.m in Sources */ = {isa = PBXBuildFile; fileRef = 5EF9D52A2330E03B0063DFA1 /* MADNativeExpressFeedViewController.m */; };
		BF2783942403C124009C980C /* HUDManager.m in Sources */ = {isa = PBXBuildFile; fileRef = BF2783922403C123009C980C /* HUDManager.m */; };
		BF2783952403C124009C980C /* MBProgressHUD.bundle in Resources */ = {isa = PBXBuildFile; fileRef = BF2783932403C123009C980C /* MBProgressHUD.bundle */; };
		BF2783B12403CE7B009C980C /* SafariServices.framework in Frameworks */ = {isa = PBXBuildFile; fileRef = BF2783B02403CE7B009C980C /* SafariServices.framework */; };
		BF2783B32403CE84009C980C /* MessageUI.framework in Frameworks */ = {isa = PBXBuildFile; fileRef = BF2783B22403CE83009C980C /* MessageUI.framework */; };
		BF2783B42403CEA1009C980C /* CoreLocation.framework in Frameworks */ = {isa = PBXBuildFile; fileRef = 5E7A13AD237B9EDF003E66C7 /* CoreLocation.framework */; };
		BF2783B52403CEAE009C980C /* AVFoundation.framework in Frameworks */ = {isa = PBXBuildFile; fileRef = 506A801022F17138008A3653 /* AVFoundation.framework */; };
		BF3908412432138E00681D19 /* DebugViewController.m in Sources */ = {isa = PBXBuildFile; fileRef = BF3908402432138E00681D19 /* DebugViewController.m */; };
		BF5E2EB4242C513800C5B187 /* WebKit.framework in Frameworks */ = {isa = PBXBuildFile; fileRef = BF5E2EB3242C513800C5B187 /* WebKit.framework */; };
		BF5FE9E82469063B008B3054 /* MobADTabBarController.m in Sources */ = {isa = PBXBuildFile; fileRef = BF5FE9E72469063B008B3054 /* MobADTabBarController.m */; };
		BF5FE9EA246951C0008B3054 /* launchMain.png in Resources */ = {isa = PBXBuildFile; fileRef = BF5FE9E9246951C0008B3054 /* launchMain.png */; };
		BF5FE9ED24695222008B3054 /* MobADMainViewController.m in Sources */ = {isa = PBXBuildFile; fileRef = BF5FE9EC24695222008B3054 /* MobADMainViewController.m */; };
		BF5FE9F024695268008B3054 /* MobADSettingViewController.m in Sources */ = {isa = PBXBuildFile; fileRef = BF5FE9EF24695268008B3054 /* MobADSettingViewController.m */; };
		BF5FE9F324695285008B3054 /* MobADToolViewController.m in Sources */ = {isa = PBXBuildFile; fileRef = BF5FE9F224695285008B3054 /* MobADToolViewController.m */; };
		BF5FE9F824695CEF008B3054 /* MobADMainCollectionViewCell.m in Sources */ = {isa = PBXBuildFile; fileRef = BF5FE9F624695CEF008B3054 /* MobADMainCollectionViewCell.m */; };
		BF5FE9F924695CEF008B3054 /* MobADMainCollectionViewCell.xib in Resources */ = {isa = PBXBuildFile; fileRef = BF5FE9F724695CEF008B3054 /* MobADMainCollectionViewCell.xib */; };
		BF5FE9FD246A4F1E008B3054 /* MobADSetTableViewCell.m in Sources */ = {isa = PBXBuildFile; fileRef = BF5FE9FB246A4F1E008B3054 /* MobADSetTableViewCell.m */; };
		BF5FE9FE246A4F1E008B3054 /* MobADSetTableViewCell.xib in Resources */ = {isa = PBXBuildFile; fileRef = BF5FE9FC246A4F1E008B3054 /* MobADSetTableViewCell.xib */; };
		BF5FEA01246A56A9008B3054 /* MobADAboutViewController.m in Sources */ = {isa = PBXBuildFile; fileRef = BF5FEA00246A56A9008B3054 /* MobADAboutViewController.m */; };
		BF5FEA05246A85A9008B3054 /* MobADAboutTableViewCell.m in Sources */ = {isa = PBXBuildFile; fileRef = BF5FEA03246A85A9008B3054 /* MobADAboutTableViewCell.m */; };
		BF5FEA06246A85A9008B3054 /* MobADAboutTableViewCell.xib in Resources */ = {isa = PBXBuildFile; fileRef = BF5FEA04246A85A9008B3054 /* MobADAboutTableViewCell.xib */; };
		BF5FEA09246A8B31008B3054 /* MobADDeviceAlertView.m in Sources */ = {isa = PBXBuildFile; fileRef = BF5FEA08246A8B31008B3054 /* MobADDeviceAlertView.m */; };
		BF5FEA0D246B8D0D008B3054 /* MobADDemoBebugSetViewController.m in Sources */ = {isa = PBXBuildFile; fileRef = BF5FEA0C246B8D0D008B3054 /* MobADDemoBebugSetViewController.m */; };
		BF5FEA11246B9A0B008B3054 /* MobADSetDebugTableViewCell.m in Sources */ = {isa = PBXBuildFile; fileRef = BF5FEA0F246B9A0B008B3054 /* MobADSetDebugTableViewCell.m */; };
		BF5FEA12246B9A0B008B3054 /* MobADSetDebugTableViewCell.xib in Resources */ = {isa = PBXBuildFile; fileRef = BF5FEA10246B9A0B008B3054 /* MobADSetDebugTableViewCell.xib */; };
		BF6317832450544E00E4DAD3 /* MobAD.framework in Frameworks */ = {isa = PBXBuildFile; fileRef = BF6317822450544E00E4DAD3 /* MobAD.framework */; };
		BF6317B52450556C00E4DAD3 /* libGDTMobSDK.a in Frameworks */ = {isa = PBXBuildFile; fileRef = BF6317A32450556B00E4DAD3 /* libGDTMobSDK.a */; };
		BF6317B62450556C00E4DAD3 /* MGADConnector.framework in Frameworks */ = {isa = PBXBuildFile; fileRef = BF6317A52450556B00E4DAD3 /* MGADConnector.framework */; };
		BF6317B72450556C00E4DAD3 /* BUAdSDK.framework in Frameworks */ = {isa = PBXBuildFile; fileRef = BF6317A92450556B00E4DAD3 /* BUAdSDK.framework */; };
		BF6317B82450556C00E4DAD3 /* BUFoundation.framework in Frameworks */ = {isa = PBXBuildFile; fileRef = BF6317AA2450556B00E4DAD3 /* BUFoundation.framework */; };
		BF6317B92450556C00E4DAD3 /* BUAdSDK.bundle in Resources */ = {isa = PBXBuildFile; fileRef = BF6317AB2450556B00E4DAD3 /* BUAdSDK.bundle */; };
		BF6317BA2450556C00E4DAD3 /* MBADConnector.framework in Frameworks */ = {isa = PBXBuildFile; fileRef = BF6317AC2450556B00E4DAD3 /* MBADConnector.framework */; };
		BF6317BB2450556C00E4DAD3 /* MDADConnector.framework in Frameworks */ = {isa = PBXBuildFile; fileRef = BF6317AE2450556B00E4DAD3 /* MDADConnector.framework */; };
		BF6317BC2450556C00E4DAD3 /* baidumobadsdk.bundle in Resources */ = {isa = PBXBuildFile; fileRef = BF6317AF2450556B00E4DAD3 /* baidumobadsdk.bundle */; };
		BF6317BD2450556C00E4DAD3 /* BaiduMobAdSDK.framework in Frameworks */ = {isa = PBXBuildFile; fileRef = BF6317B02450556B00E4DAD3 /* BaiduMobAdSDK.framework */; };
		BF6317BE2450556C00E4DAD3 /* KSAdSDK.bundle in Resources */ = {isa = PBXBuildFile; fileRef = BF6317B22450556B00E4DAD3 /* KSAdSDK.bundle */; };
		BF6317BF2450556C00E4DAD3 /* MKADConnector.framework in Frameworks */ = {isa = PBXBuildFile; fileRef = BF6317B32450556B00E4DAD3 /* MKADConnector.framework */; };
		BF6317C02450556C00E4DAD3 /* KSAdSDK.framework in Frameworks */ = {isa = PBXBuildFile; fileRef = BF6317B42450556B00E4DAD3 /* KSAdSDK.framework */; };
		BF64B3492477C858001306BB /* nanopb.xcframework in Frameworks */ = {isa = PBXBuildFile; fileRef = BF64B3442477C858001306BB /* nanopb.xcframework */; };
		BF64B34A2477C858001306BB /* GoogleAppMeasurement.framework in Frameworks */ = {isa = PBXBuildFile; fileRef = BF64B3452477C858001306BB /* GoogleAppMeasurement.framework */; };
		BF64B34B2477C858001306BB /* MOADConnector.framework in Frameworks */ = {isa = PBXBuildFile; fileRef = BF64B3462477C858001306BB /* MOADConnector.framework */; };
		BF64B34C2477C858001306BB /* GoogleMobileAds.framework in Frameworks */ = {isa = PBXBuildFile; fileRef = BF64B3472477C858001306BB /* GoogleMobileAds.framework */; };
		BF64B34D2477C858001306BB /* GoogleUtilities.xcframework in Frameworks */ = {isa = PBXBuildFile; fileRef = BF64B3482477C858001306BB /* GoogleUtilities.xcframework */; };
		BF64B34F2477CE0F001306BB /* PromisesObjC.xcframework in Frameworks */ = {isa = PBXBuildFile; fileRef = BF64B34E2477CE0F001306BB /* PromisesObjC.xcframework */; };
		BF7F562C2473CDFC00E9E8D4 /* MobADNativeFeedDetailViewController.m in Sources */ = {isa = PBXBuildFile; fileRef = BF7F562B2473CDFC00E9E8D4 /* MobADNativeFeedDetailViewController.m */; };
		BF7F56302473CEF500E9E8D4 /* MobADNativeFeedTableViewCell.m in Sources */ = {isa = PBXBuildFile; fileRef = BF7F562E2473CEF500E9E8D4 /* MobADNativeFeedTableViewCell.m */; };
		BF7F56312473CEF500E9E8D4 /* MobADNativeFeedTableViewCell.xib in Resources */ = {isa = PBXBuildFile; fileRef = BF7F562F2473CEF500E9E8D4 /* MobADNativeFeedTableViewCell.xib */; };
		BFAB81C624248C4E004628A3 /* FCommon.framework in Frameworks */ = {isa = PBXBuildFile; fileRef = BFAB81C524248C4E004628A3 /* FCommon.framework */; };
		BFCE6C29246BF2E400D879AB /* MobADToolTableViewCell.m in Sources */ = {isa = PBXBuildFile; fileRef = BFCE6C27246BF2E400D879AB /* MobADToolTableViewCell.m */; };
		BFCE6C2A246BF2E400D879AB /* MobADToolTableViewCell.xib in Resources */ = {isa = PBXBuildFile; fileRef = BFCE6C28246BF2E400D879AB /* MobADToolTableViewCell.xib */; };
		BFCE6C2D246C0AB500D879AB /* MobADToolLinkViewController.m in Sources */ = {isa = PBXBuildFile; fileRef = BFCE6C2C246C0AB500D879AB /* MobADToolLinkViewController.m */; };
		BFCE6C37246E652B00D879AB /* MobADSplashViewController.m in Sources */ = {isa = PBXBuildFile; fileRef = BFCE6C36246E652B00D879AB /* MobADSplashViewController.m */; };
		BFCE6C3A246E67FC00D879AB /* MobADContentTableView.m in Sources */ = {isa = PBXBuildFile; fileRef = BFCE6C39246E67FC00D879AB /* MobADContentTableView.m */; };
		BFCE6C3E246E6A8000D879AB /* MobADContentTableViewCell.m in Sources */ = {isa = PBXBuildFile; fileRef = BFCE6C3C246E6A8000D879AB /* MobADContentTableViewCell.m */; };
		BFCE6C3F246E6A8000D879AB /* MobADContentTableViewCell.xib in Resources */ = {isa = PBXBuildFile; fileRef = BFCE6C3D246E6A8000D879AB /* MobADContentTableViewCell.xib */; };
		BFCE6C42246E936100D879AB /* MobADInterstitalViewController.m in Sources */ = {isa = PBXBuildFile; fileRef = BFCE6C41246E936100D879AB /* MobADInterstitalViewController.m */; };
		BFCE6C45246E963900D879AB /* MobADBannerViewController.m in Sources */ = {isa = PBXBuildFile; fileRef = BFCE6C44246E963900D879AB /* MobADBannerViewController.m */; };
		BFCE6C48246E9FD600D879AB /* MobADNativeExpressViewController.m in Sources */ = {isa = PBXBuildFile; fileRef = BFCE6C47246E9FD600D879AB /* MobADNativeExpressViewController.m */; };
		BFCE6C4B2472262D00D879AB /* MobADRewardViewController.m in Sources */ = {isa = PBXBuildFile; fileRef = BFCE6C4A2472262D00D879AB /* MobADRewardViewController.m */; };
		BFCE6C4E24722B0C00D879AB /* MobADNativeViewController.m in Sources */ = {isa = PBXBuildFile; fileRef = BFCE6C4D24722B0C00D879AB /* MobADNativeViewController.m */; };
		BFCE6C512472791D00D879AB /* MobADWkWebViewController.m in Sources */ = {isa = PBXBuildFile; fileRef = BFCE6C502472791D00D879AB /* MobADWkWebViewController.m */; };
		BFCE6C55247374A500D879AB /* MobADNativeIDTableViewCell.m in Sources */ = {isa = PBXBuildFile; fileRef = BFCE6C53247374A500D879AB /* MobADNativeIDTableViewCell.m */; };
		BFCE6C56247374A500D879AB /* MobADNativeIDTableViewCell.xib in Resources */ = {isa = PBXBuildFile; fileRef = BFCE6C54247374A500D879AB /* MobADNativeIDTableViewCell.xib */; };
		BFCE6C5A247375CD00D879AB /* MobADNativeSwitchTableViewCell.m in Sources */ = {isa = PBXBuildFile; fileRef = BFCE6C58247375CD00D879AB /* MobADNativeSwitchTableViewCell.m */; };
		BFCE6C5B247375CD00D879AB /* MobADNativeSwitchTableViewCell.xib in Resources */ = {isa = PBXBuildFile; fileRef = BFCE6C59247375CD00D879AB /* MobADNativeSwitchTableViewCell.xib */; };
		BFCE6C5E2473B88800D879AB /* MobADPrivacyView.m in Sources */ = {isa = PBXBuildFile; fileRef = BFCE6C5D2473B88800D879AB /* MobADPrivacyView.m */; };
/* End PBXBuildFile section */

/* Begin PBXContainerItemProxy section */
		509777D722F023C000FA588C /* PBXContainerItemProxy */ = {
			isa = PBXContainerItemProxy;
			containerPortal = 509777B622F023BE00FA588C /* Project object */;
			proxyType = 1;
			remoteGlobalIDString = 509777BD22F023BE00FA588C;
			remoteInfo = MOBAdsDemo;
		};
/* End PBXContainerItemProxy section */

/* Begin PBXFileReference section */
		0B159D7A233234C30038F086 /* MobAD.bundle */ = {isa = PBXFileReference; lastKnownFileType = "wrapper.plug-in"; path = MobAD.bundle; sourceTree = "<group>"; };
		506A800C22F170A6008A3653 /* libxml2.tbd */ = {isa = PBXFileReference; lastKnownFileType = "sourcecode.text-based-dylib-definition"; name = libxml2.tbd; path = usr/lib/libxml2.tbd; sourceTree = SDKROOT; };
		506A801022F17138008A3653 /* AVFoundation.framework */ = {isa = PBXFileReference; lastKnownFileType = wrapper.framework; name = AVFoundation.framework; path = System/Library/Frameworks/AVFoundation.framework; sourceTree = SDKROOT; };
		509777BE22F023BE00FA588C /* MobADDemo.app */ = {isa = PBXFileReference; explicitFileType = wrapper.application; includeInIndex = 0; path = MobADDemo.app; sourceTree = BUILT_PRODUCTS_DIR; };
		509777C122F023BE00FA588C /* AppDelegate.h */ = {isa = PBXFileReference; lastKnownFileType = sourcecode.c.h; path = AppDelegate.h; sourceTree = "<group>"; };
		509777C222F023BE00FA588C /* AppDelegate.m */ = {isa = PBXFileReference; lastKnownFileType = sourcecode.c.objc; path = AppDelegate.m; sourceTree = "<group>"; };
		509777CF22F023BF00FA588C /* Info.plist */ = {isa = PBXFileReference; lastKnownFileType = text.plist.xml; path = Info.plist; sourceTree = "<group>"; };
		509777D022F023BF00FA588C /* main.m */ = {isa = PBXFileReference; lastKnownFileType = sourcecode.c.objc; path = main.m; sourceTree = "<group>"; };
		509777D622F023C000FA588C /* MobADDemoTests.xctest */ = {isa = PBXFileReference; explicitFileType = wrapper.cfbundle; includeInIndex = 0; path = MobADDemoTests.xctest; sourceTree = BUILT_PRODUCTS_DIR; };
		509777DA22F023C000FA588C /* MOBAdsDemoTests.m */ = {isa = PBXFileReference; lastKnownFileType = sourcecode.c.objc; path = MOBAdsDemoTests.m; sourceTree = "<group>"; };
		509777DC22F023C000FA588C /* Info.plist */ = {isa = PBXFileReference; lastKnownFileType = text.plist.xml; path = Info.plist; sourceTree = "<group>"; };
		5097780E22F0390000FA588C /* libz.tbd */ = {isa = PBXFileReference; lastKnownFileType = "sourcecode.text-based-dylib-definition"; name = libz.tbd; path = usr/lib/libz.tbd; sourceTree = SDKROOT; };
		5097781022F0391100FA588C /* libc++.tbd */ = {isa = PBXFileReference; lastKnownFileType = "sourcecode.text-based-dylib-definition"; name = "libc++.tbd"; path = "usr/lib/libc++.tbd"; sourceTree = SDKROOT; };
		50C5882D2302633D00FB7A55 /* Const.h */ = {isa = PBXFileReference; lastKnownFileType = sourcecode.c.h; path = Const.h; sourceTree = "<group>"; };
		5E13D5942383E0A9008C3DCC /* CoreGraphics.framework */ = {isa = PBXFileReference; lastKnownFileType = wrapper.framework; name = CoreGraphics.framework; path = System/Library/Frameworks/CoreGraphics.framework; sourceTree = SDKROOT; };
		5E13D5962383E0B5008C3DCC /* Security.framework */ = {isa = PBXFileReference; lastKnownFileType = wrapper.framework; name = Security.framework; path = System/Library/Frameworks/Security.framework; sourceTree = SDKROOT; };
		5E13D5992383E0D2008C3DCC /* CoreData.framework */ = {isa = PBXFileReference; lastKnownFileType = wrapper.framework; name = CoreData.framework; path = System/Library/Frameworks/CoreData.framework; sourceTree = SDKROOT; };
		5E13D5A92384F723008C3DCC /* MBProgressHUD.m */ = {isa = PBXFileReference; fileEncoding = 4; lastKnownFileType = sourcecode.c.objc; path = MBProgressHUD.m; sourceTree = "<group>"; };
		5E13D5AA2384F723008C3DCC /* MBProgressHUD.h */ = {isa = PBXFileReference; fileEncoding = 4; lastKnownFileType = sourcecode.c.h; path = MBProgressHUD.h; sourceTree = "<group>"; };
		5E398FC1234F5FBC002AB597 /* Assets.xcassets */ = {isa = PBXFileReference; lastKnownFileType = folder.assetcatalog; name = Assets.xcassets; path = "MobADDemo/Supporting Files/Assets.xcassets"; sourceTree = SOURCE_ROOT; };
		5E70DCFD2340B48100AA29FA /* drawLocal_111.mov */ = {isa = PBXFileReference; lastKnownFileType = video.quicktime; path = drawLocal_111.mov; sourceTree = "<group>"; };
		5E70DCFE2340B48100AA29FA /* drawLocal_112.mov */ = {isa = PBXFileReference; lastKnownFileType = video.quicktime; path = drawLocal_112.mov; sourceTree = "<group>"; };
		5E70DD042340B48100AA29FA /* drawLocal_110.mov */ = {isa = PBXFileReference; lastKnownFileType = video.quicktime; path = drawLocal_110.mov; sourceTree = "<group>"; };
		5E732C412332272E00BFB339 /* MADNativeFeedViewController.h */ = {isa = PBXFileReference; lastKnownFileType = sourcecode.c.h; path = MADNativeFeedViewController.h; sourceTree = "<group>"; };
		5E732C422332272E00BFB339 /* MADNativeFeedViewController.m */ = {isa = PBXFileReference; lastKnownFileType = sourcecode.c.objc; path = MADNativeFeedViewController.m; sourceTree = "<group>"; };
		5E732C47233238BD00BFB339 /* MADNativeFeedTableViewCell.h */ = {isa = PBXFileReference; lastKnownFileType = sourcecode.c.h; path = MADNativeFeedTableViewCell.h; sourceTree = "<group>"; };
		5E732C48233238BD00BFB339 /* MADNativeFeedTableViewCell.m */ = {isa = PBXFileReference; lastKnownFileType = sourcecode.c.objc; path = MADNativeFeedTableViewCell.m; sourceTree = "<group>"; };
		5E7A1399237B9E56003E66C7 /* libsqlite3.tbd */ = {isa = PBXFileReference; lastKnownFileType = "sourcecode.text-based-dylib-definition"; name = libsqlite3.tbd; path = usr/lib/libsqlite3.tbd; sourceTree = SDKROOT; };
		5E7A139B237B9E75003E66C7 /* CoreMedia.framework */ = {isa = PBXFileReference; lastKnownFileType = wrapper.framework; name = CoreMedia.framework; path = System/Library/Frameworks/CoreMedia.framework; sourceTree = SDKROOT; };
		5E7A139C237B9E75003E66C7 /* MediaPlayer.framework */ = {isa = PBXFileReference; lastKnownFileType = wrapper.framework; name = MediaPlayer.framework; path = System/Library/Frameworks/MediaPlayer.framework; sourceTree = SDKROOT; };
		5E7A139F237B9E93003E66C7 /* Accelerate.framework */ = {isa = PBXFileReference; lastKnownFileType = wrapper.framework; name = Accelerate.framework; path = System/Library/Frameworks/Accelerate.framework; sourceTree = SDKROOT; };
		5E7A13A0237B9E93003E66C7 /* AdSupport.framework */ = {isa = PBXFileReference; lastKnownFileType = wrapper.framework; name = AdSupport.framework; path = System/Library/Frameworks/AdSupport.framework; sourceTree = SDKROOT; };
		5E7A13A5237B9EA9003E66C7 /* SystemConfiguration.framework */ = {isa = PBXFileReference; lastKnownFileType = wrapper.framework; name = SystemConfiguration.framework; path = System/Library/Frameworks/SystemConfiguration.framework; sourceTree = SDKROOT; };
		5E7A13A7237B9EB4003E66C7 /* CoreTelephony.framework */ = {isa = PBXFileReference; lastKnownFileType = wrapper.framework; name = CoreTelephony.framework; path = System/Library/Frameworks/CoreTelephony.framework; sourceTree = SDKROOT; };
		5E7A13A9237B9EC0003E66C7 /* MobileCoreServices.framework */ = {isa = PBXFileReference; lastKnownFileType = wrapper.framework; name = MobileCoreServices.framework; path = System/Library/Frameworks/MobileCoreServices.framework; sourceTree = SDKROOT; };
		5E7A13AB237B9ECC003E66C7 /* CoreMotion.framework */ = {isa = PBXFileReference; lastKnownFileType = wrapper.framework; name = CoreMotion.framework; path = System/Library/Frameworks/CoreMotion.framework; sourceTree = SDKROOT; };
		5E7A13AD237B9EDF003E66C7 /* CoreLocation.framework */ = {isa = PBXFileReference; lastKnownFileType = wrapper.framework; name = CoreLocation.framework; path = System/Library/Frameworks/CoreLocation.framework; sourceTree = SDKROOT; };
		5E94BBF923796643005E512B /* libresolv.9.tbd */ = {isa = PBXFileReference; lastKnownFileType = "sourcecode.text-based-dylib-definition"; name = libresolv.9.tbd; path = usr/lib/libresolv.9.tbd; sourceTree = SDKROOT; };
		5E94BC0A23796B66005E512B /* ImageIO.framework */ = {isa = PBXFileReference; lastKnownFileType = wrapper.framework; name = ImageIO.framework; path = System/Library/Frameworks/ImageIO.framework; sourceTree = SDKROOT; };
		5E94BC40237AB3B4005E512B /* launchPic.jpg */ = {isa = PBXFileReference; lastKnownFileType = image.jpeg; path = launchPic.jpg; sourceTree = "<group>"; };
		5E94BC45237AB3EA005E512B /* LaunchViewController.h */ = {isa = PBXFileReference; lastKnownFileType = sourcecode.c.h; path = LaunchViewController.h; sourceTree = "<group>"; };
		5E94BC46237AB3EA005E512B /* LaunchViewController.m */ = {isa = PBXFileReference; lastKnownFileType = sourcecode.c.objc; path = LaunchViewController.m; sourceTree = "<group>"; };
		5E94BC47237AB3EA005E512B /* LaunchViewController.xib */ = {isa = PBXFileReference; lastKnownFileType = file.xib; path = LaunchViewController.xib; sourceTree = "<group>"; };
		5E9D358D231FE71500F1A1B6 /* UIView+Draw.h */ = {isa = PBXFileReference; fileEncoding = 4; lastKnownFileType = sourcecode.c.h; path = "UIView+Draw.h"; sourceTree = "<group>"; };
		5E9D358E231FE71500F1A1B6 /* UIView+Draw.m */ = {isa = PBXFileReference; fileEncoding = 4; lastKnownFileType = sourcecode.c.objc; path = "UIView+Draw.m"; sourceTree = "<group>"; };
		5E9D35942320EC0500F1A1B6 /* MobADNormalButton.h */ = {isa = PBXFileReference; lastKnownFileType = sourcecode.c.h; path = MobADNormalButton.h; sourceTree = "<group>"; };
		5E9D35952320EC0500F1A1B6 /* MobADNormalButton.m */ = {isa = PBXFileReference; lastKnownFileType = sourcecode.c.objc; path = MobADNormalButton.m; sourceTree = "<group>"; };
		5E9D35D3232131B800F1A1B6 /* MobADDrawVideoAdViewController.h */ = {isa = PBXFileReference; lastKnownFileType = sourcecode.c.h; path = MobADDrawVideoAdViewController.h; sourceTree = "<group>"; };
		5E9D35D4232131B800F1A1B6 /* MobADDrawVideoAdViewController.m */ = {isa = PBXFileReference; lastKnownFileType = sourcecode.c.objc; path = MobADDrawVideoAdViewController.m; sourceTree = "<group>"; };
		5E9D35D92321338100F1A1B6 /* MobADDrawTableViewCell.h */ = {isa = PBXFileReference; lastKnownFileType = sourcecode.c.h; path = MobADDrawTableViewCell.h; sourceTree = "<group>"; };
		5E9D35DA2321338100F1A1B6 /* MobADDrawTableViewCell.m */ = {isa = PBXFileReference; lastKnownFileType = sourcecode.c.objc; path = MobADDrawTableViewCell.m; sourceTree = "<group>"; };
		5E9D35DC232137E000F1A1B6 /* MobADPlayerViewController.h */ = {isa = PBXFileReference; lastKnownFileType = sourcecode.c.h; path = MobADPlayerViewController.h; sourceTree = "<group>"; };
		5E9D35DD232137E000F1A1B6 /* MobADPlayerViewController.m */ = {isa = PBXFileReference; lastKnownFileType = sourcecode.c.objc; path = MobADPlayerViewController.m; sourceTree = "<group>"; };
		5E9D35E823220F5C00F1A1B6 /* feedInfo.cactus */ = {isa = PBXFileReference; fileEncoding = 4; lastKnownFileType = text; path = feedInfo.cactus; sourceTree = "<group>"; };
		5E9D3727232F303E00F1A1B6 /* MADBannerViewController.h */ = {isa = PBXFileReference; lastKnownFileType = sourcecode.c.h; path = MADBannerViewController.h; sourceTree = "<group>"; };
		5E9D3728232F303E00F1A1B6 /* MADBannerViewController.m */ = {isa = PBXFileReference; lastKnownFileType = sourcecode.c.objc; path = MADBannerViewController.m; sourceTree = "<group>"; };
		5E9D372A232F30C800F1A1B6 /* MADInterstitialViewController.h */ = {isa = PBXFileReference; lastKnownFileType = sourcecode.c.h; path = MADInterstitialViewController.h; sourceTree = "<group>"; };
		5E9D372B232F30C800F1A1B6 /* MADInterstitialViewController.m */ = {isa = PBXFileReference; lastKnownFileType = sourcecode.c.objc; path = MADInterstitialViewController.m; sourceTree = "<group>"; };
		5EC25DBE238BD2F000438AB7 /* UIImage+Color.h */ = {isa = PBXFileReference; lastKnownFileType = sourcecode.c.h; path = "UIImage+Color.h"; sourceTree = "<group>"; };
		5EC25DBF238BD2F000438AB7 /* UIImage+Color.m */ = {isa = PBXFileReference; lastKnownFileType = sourcecode.c.objc; path = "UIImage+Color.m"; sourceTree = "<group>"; };
		5EC25DC1238BD6DC00438AB7 /* MADFullScreenVideoAdViewController.h */ = {isa = PBXFileReference; lastKnownFileType = sourcecode.c.h; path = MADFullScreenVideoAdViewController.h; sourceTree = "<group>"; };
		5EC25DC2238BD6DC00438AB7 /* MADFullScreenVideoAdViewController.m */ = {isa = PBXFileReference; lastKnownFileType = sourcecode.c.objc; path = MADFullScreenVideoAdViewController.m; sourceTree = "<group>"; };
		5EC25DC4238BD92500438AB7 /* MADRewardVideoAdViewController.h */ = {isa = PBXFileReference; lastKnownFileType = sourcecode.c.h; path = MADRewardVideoAdViewController.h; sourceTree = "<group>"; };
		5EC25DC5238BD92500438AB7 /* MADRewardVideoAdViewController.m */ = {isa = PBXFileReference; lastKnownFileType = sourcecode.c.objc; path = MADRewardVideoAdViewController.m; sourceTree = "<group>"; };
		5EC25DC7238BDB9200438AB7 /* MADDrawVideoFeedViewController.h */ = {isa = PBXFileReference; lastKnownFileType = sourcecode.c.h; path = MADDrawVideoFeedViewController.h; sourceTree = "<group>"; };
		5EC25DC8238BDB9200438AB7 /* MADDrawVideoFeedViewController.m */ = {isa = PBXFileReference; lastKnownFileType = sourcecode.c.objc; path = MADDrawVideoFeedViewController.m; sourceTree = "<group>"; };
		5ED6B89823575D6800CBE455 /* MADSplashViewController.h */ = {isa = PBXFileReference; lastKnownFileType = sourcecode.c.h; path = MADSplashViewController.h; sourceTree = "<group>"; };
		5ED6B89923575D6800CBE455 /* MADSplashViewController.m */ = {isa = PBXFileReference; lastKnownFileType = sourcecode.c.objc; path = MADSplashViewController.m; sourceTree = "<group>"; };
		5EF9D5292330E03B0063DFA1 /* MADNativeExpressFeedViewController.h */ = {isa = PBXFileReference; lastKnownFileType = sourcecode.c.h; path = MADNativeExpressFeedViewController.h; sourceTree = "<group>"; };
		5EF9D52A2330E03B0063DFA1 /* MADNativeExpressFeedViewController.m */ = {isa = PBXFileReference; lastKnownFileType = sourcecode.c.objc; path = MADNativeExpressFeedViewController.m; sourceTree = "<group>"; };
		B1132C7024A997B300270D90 /* MobADDemo.entitlements */ = {isa = PBXFileReference; lastKnownFileType = text.plist.entitlements; path = MobADDemo.entitlements; sourceTree = "<group>"; };
		B1DF65CB231995CF0075DB9B /* MOBAdsPrefixHeader.pch */ = {isa = PBXFileReference; lastKnownFileType = sourcecode.c.h; path = MOBAdsPrefixHeader.pch; sourceTree = "<group>"; };
		BF2783912403C123009C980C /* HUDManager.h */ = {isa = PBXFileReference; fileEncoding = 4; lastKnownFileType = sourcecode.c.h; path = HUDManager.h; sourceTree = "<group>"; };
		BF2783922403C123009C980C /* HUDManager.m */ = {isa = PBXFileReference; fileEncoding = 4; lastKnownFileType = sourcecode.c.objc; path = HUDManager.m; sourceTree = "<group>"; };
		BF2783932403C123009C980C /* MBProgressHUD.bundle */ = {isa = PBXFileReference; lastKnownFileType = "wrapper.plug-in"; path = MBProgressHUD.bundle; sourceTree = "<group>"; };
		BF2783B02403CE7B009C980C /* SafariServices.framework */ = {isa = PBXFileReference; lastKnownFileType = wrapper.framework; name = SafariServices.framework; path = System/Library/Frameworks/SafariServices.framework; sourceTree = SDKROOT; };
		BF2783B22403CE83009C980C /* MessageUI.framework */ = {isa = PBXFileReference; lastKnownFileType = wrapper.framework; name = MessageUI.framework; path = System/Library/Frameworks/MessageUI.framework; sourceTree = SDKROOT; };
		BF39083F2432138E00681D19 /* DebugViewController.h */ = {isa = PBXFileReference; fileEncoding = 4; lastKnownFileType = sourcecode.c.h; path = DebugViewController.h; sourceTree = "<group>"; };
		BF3908402432138E00681D19 /* DebugViewController.m */ = {isa = PBXFileReference; fileEncoding = 4; lastKnownFileType = sourcecode.c.objc; path = DebugViewController.m; sourceTree = "<group>"; };
		BF5E2EB3242C513800C5B187 /* WebKit.framework */ = {isa = PBXFileReference; lastKnownFileType = wrapper.framework; name = WebKit.framework; path = System/Library/Frameworks/WebKit.framework; sourceTree = SDKROOT; };
		BF5FE9E62469063B008B3054 /* MobADTabBarController.h */ = {isa = PBXFileReference; lastKnownFileType = sourcecode.c.h; path = MobADTabBarController.h; sourceTree = "<group>"; };
		BF5FE9E72469063B008B3054 /* MobADTabBarController.m */ = {isa = PBXFileReference; lastKnownFileType = sourcecode.c.objc; path = MobADTabBarController.m; sourceTree = "<group>"; };
		BF5FE9E9246951C0008B3054 /* launchMain.png */ = {isa = PBXFileReference; lastKnownFileType = image.png; path = launchMain.png; sourceTree = "<group>"; };
		BF5FE9EB24695222008B3054 /* MobADMainViewController.h */ = {isa = PBXFileReference; lastKnownFileType = sourcecode.c.h; path = MobADMainViewController.h; sourceTree = "<group>"; };
		BF5FE9EC24695222008B3054 /* MobADMainViewController.m */ = {isa = PBXFileReference; lastKnownFileType = sourcecode.c.objc; path = MobADMainViewController.m; sourceTree = "<group>"; };
		BF5FE9EE24695268008B3054 /* MobADSettingViewController.h */ = {isa = PBXFileReference; lastKnownFileType = sourcecode.c.h; path = MobADSettingViewController.h; sourceTree = "<group>"; };
		BF5FE9EF24695268008B3054 /* MobADSettingViewController.m */ = {isa = PBXFileReference; lastKnownFileType = sourcecode.c.objc; path = MobADSettingViewController.m; sourceTree = "<group>"; };
		BF5FE9F124695285008B3054 /* MobADToolViewController.h */ = {isa = PBXFileReference; lastKnownFileType = sourcecode.c.h; path = MobADToolViewController.h; sourceTree = "<group>"; };
		BF5FE9F224695285008B3054 /* MobADToolViewController.m */ = {isa = PBXFileReference; lastKnownFileType = sourcecode.c.objc; path = MobADToolViewController.m; sourceTree = "<group>"; };
		BF5FE9F524695CEF008B3054 /* MobADMainCollectionViewCell.h */ = {isa = PBXFileReference; lastKnownFileType = sourcecode.c.h; path = MobADMainCollectionViewCell.h; sourceTree = "<group>"; };
		BF5FE9F624695CEF008B3054 /* MobADMainCollectionViewCell.m */ = {isa = PBXFileReference; lastKnownFileType = sourcecode.c.objc; path = MobADMainCollectionViewCell.m; sourceTree = "<group>"; };
		BF5FE9F724695CEF008B3054 /* MobADMainCollectionViewCell.xib */ = {isa = PBXFileReference; lastKnownFileType = file.xib; path = MobADMainCollectionViewCell.xib; sourceTree = "<group>"; };
		BF5FE9FA246A4F1E008B3054 /* MobADSetTableViewCell.h */ = {isa = PBXFileReference; lastKnownFileType = sourcecode.c.h; path = MobADSetTableViewCell.h; sourceTree = "<group>"; };
		BF5FE9FB246A4F1E008B3054 /* MobADSetTableViewCell.m */ = {isa = PBXFileReference; lastKnownFileType = sourcecode.c.objc; path = MobADSetTableViewCell.m; sourceTree = "<group>"; };
		BF5FE9FC246A4F1E008B3054 /* MobADSetTableViewCell.xib */ = {isa = PBXFileReference; lastKnownFileType = file.xib; path = MobADSetTableViewCell.xib; sourceTree = "<group>"; };
		BF5FE9FF246A56A9008B3054 /* MobADAboutViewController.h */ = {isa = PBXFileReference; lastKnownFileType = sourcecode.c.h; path = MobADAboutViewController.h; sourceTree = "<group>"; };
		BF5FEA00246A56A9008B3054 /* MobADAboutViewController.m */ = {isa = PBXFileReference; lastKnownFileType = sourcecode.c.objc; path = MobADAboutViewController.m; sourceTree = "<group>"; };
		BF5FEA02246A85A9008B3054 /* MobADAboutTableViewCell.h */ = {isa = PBXFileReference; lastKnownFileType = sourcecode.c.h; path = MobADAboutTableViewCell.h; sourceTree = "<group>"; };
		BF5FEA03246A85A9008B3054 /* MobADAboutTableViewCell.m */ = {isa = PBXFileReference; lastKnownFileType = sourcecode.c.objc; path = MobADAboutTableViewCell.m; sourceTree = "<group>"; };
		BF5FEA04246A85A9008B3054 /* MobADAboutTableViewCell.xib */ = {isa = PBXFileReference; lastKnownFileType = file.xib; path = MobADAboutTableViewCell.xib; sourceTree = "<group>"; };
		BF5FEA07246A8B31008B3054 /* MobADDeviceAlertView.h */ = {isa = PBXFileReference; lastKnownFileType = sourcecode.c.h; path = MobADDeviceAlertView.h; sourceTree = "<group>"; };
		BF5FEA08246A8B31008B3054 /* MobADDeviceAlertView.m */ = {isa = PBXFileReference; lastKnownFileType = sourcecode.c.objc; path = MobADDeviceAlertView.m; sourceTree = "<group>"; };
		BF5FEA0B246B8D0D008B3054 /* MobADDemoBebugSetViewController.h */ = {isa = PBXFileReference; lastKnownFileType = sourcecode.c.h; path = MobADDemoBebugSetViewController.h; sourceTree = "<group>"; };
		BF5FEA0C246B8D0D008B3054 /* MobADDemoBebugSetViewController.m */ = {isa = PBXFileReference; lastKnownFileType = sourcecode.c.objc; path = MobADDemoBebugSetViewController.m; sourceTree = "<group>"; };
		BF5FEA0E246B9A0B008B3054 /* MobADSetDebugTableViewCell.h */ = {isa = PBXFileReference; lastKnownFileType = sourcecode.c.h; path = MobADSetDebugTableViewCell.h; sourceTree = "<group>"; };
		BF5FEA0F246B9A0B008B3054 /* MobADSetDebugTableViewCell.m */ = {isa = PBXFileReference; lastKnownFileType = sourcecode.c.objc; path = MobADSetDebugTableViewCell.m; sourceTree = "<group>"; };
		BF5FEA10246B9A0B008B3054 /* MobADSetDebugTableViewCell.xib */ = {isa = PBXFileReference; lastKnownFileType = file.xib; path = MobADSetDebugTableViewCell.xib; sourceTree = "<group>"; };
		BF6317822450544E00E4DAD3 /* MobAD.framework */ = {isa = PBXFileReference; lastKnownFileType = wrapper.framework; path = MobAD.framework; sourceTree = "<group>"; };
		BF6317912450556B00E4DAD3 /* GDTRewardVideoAdNetworkAdapterProtocol.h */ = {isa = PBXFileReference; fileEncoding = 4; lastKnownFileType = sourcecode.c.h; path = GDTRewardVideoAdNetworkAdapterProtocol.h; sourceTree = "<group>"; };
		BF6317922450556B00E4DAD3 /* GDTNativeExpressAdView.h */ = {isa = PBXFileReference; fileEncoding = 4; lastKnownFileType = sourcecode.c.h; path = GDTNativeExpressAdView.h; sourceTree = "<group>"; };
		BF6317932450556B00E4DAD3 /* GDTMobBannerView.h */ = {isa = PBXFileReference; fileEncoding = 4; lastKnownFileType = sourcecode.c.h; path = GDTMobBannerView.h; sourceTree = "<group>"; };
		BF6317942450556B00E4DAD3 /* GDTUnifiedBannerView.h */ = {isa = PBXFileReference; fileEncoding = 4; lastKnownFileType = sourcecode.c.h; path = GDTUnifiedBannerView.h; sourceTree = "<group>"; };
		BF6317952450556B00E4DAD3 /* GDTNativeAd.h */ = {isa = PBXFileReference; fileEncoding = 4; lastKnownFileType = sourcecode.c.h; path = GDTNativeAd.h; sourceTree = "<group>"; };
		BF6317962450556B00E4DAD3 /* GDTSDKConfig.h */ = {isa = PBXFileReference; fileEncoding = 4; lastKnownFileType = sourcecode.c.h; path = GDTSDKConfig.h; sourceTree = "<group>"; };
		BF6317972450556B00E4DAD3 /* GDTBaseAdNetworkAdapterProtocol.h */ = {isa = PBXFileReference; fileEncoding = 4; lastKnownFileType = sourcecode.c.h; path = GDTBaseAdNetworkAdapterProtocol.h; sourceTree = "<group>"; };
		BF6317982450556B00E4DAD3 /* GDTMobInterstitial.h */ = {isa = PBXFileReference; fileEncoding = 4; lastKnownFileType = sourcecode.c.h; path = GDTMobInterstitial.h; sourceTree = "<group>"; };
		BF6317992450556B00E4DAD3 /* GDTRewardVideoAd.h */ = {isa = PBXFileReference; fileEncoding = 4; lastKnownFileType = sourcecode.c.h; path = GDTRewardVideoAd.h; sourceTree = "<group>"; };
		BF63179A2450556B00E4DAD3 /* GDTSplashAd.h */ = {isa = PBXFileReference; fileEncoding = 4; lastKnownFileType = sourcecode.c.h; path = GDTSplashAd.h; sourceTree = "<group>"; };
		BF63179B2450556B00E4DAD3 /* GDTNativeExpressAd.h */ = {isa = PBXFileReference; fileEncoding = 4; lastKnownFileType = sourcecode.c.h; path = GDTNativeExpressAd.h; sourceTree = "<group>"; };
		BF63179C2450556B00E4DAD3 /* GDTLogoView.h */ = {isa = PBXFileReference; fileEncoding = 4; lastKnownFileType = sourcecode.c.h; path = GDTLogoView.h; sourceTree = "<group>"; };
		BF63179D2450556B00E4DAD3 /* GDTMediaView.h */ = {isa = PBXFileReference; fileEncoding = 4; lastKnownFileType = sourcecode.c.h; path = GDTMediaView.h; sourceTree = "<group>"; };
		BF63179E2450556B00E4DAD3 /* GDTUnifiedNativeAdView.h */ = {isa = PBXFileReference; fileEncoding = 4; lastKnownFileType = sourcecode.c.h; path = GDTUnifiedNativeAdView.h; sourceTree = "<group>"; };
		BF63179F2450556B00E4DAD3 /* GDTHybridAd.h */ = {isa = PBXFileReference; fileEncoding = 4; lastKnownFileType = sourcecode.c.h; path = GDTHybridAd.h; sourceTree = "<group>"; };
		BF6317A02450556B00E4DAD3 /* GDTUnifiedNativeAdDataObject.h */ = {isa = PBXFileReference; fileEncoding = 4; lastKnownFileType = sourcecode.c.h; path = GDTUnifiedNativeAdDataObject.h; sourceTree = "<group>"; };
		BF6317A12450556B00E4DAD3 /* GDTSDKDefines.h */ = {isa = PBXFileReference; fileEncoding = 4; lastKnownFileType = sourcecode.c.h; path = GDTSDKDefines.h; sourceTree = "<group>"; };
		BF6317A22450556B00E4DAD3 /* GDTUnifiedInterstitialAd.h */ = {isa = PBXFileReference; fileEncoding = 4; lastKnownFileType = sourcecode.c.h; path = GDTUnifiedInterstitialAd.h; sourceTree = "<group>"; };
		BF6317A32450556B00E4DAD3 /* libGDTMobSDK.a */ = {isa = PBXFileReference; lastKnownFileType = archive.ar; path = libGDTMobSDK.a; sourceTree = "<group>"; };
		BF6317A42450556B00E4DAD3 /* GDTRewardVideoAdNetworkConnectorProtocol.h */ = {isa = PBXFileReference; fileEncoding = 4; lastKnownFileType = sourcecode.c.h; path = GDTRewardVideoAdNetworkConnectorProtocol.h; sourceTree = "<group>"; };
		BF6317A52450556B00E4DAD3 /* MGADConnector.framework */ = {isa = PBXFileReference; lastKnownFileType = wrapper.framework; path = MGADConnector.framework; sourceTree = "<group>"; };
		BF6317A62450556B00E4DAD3 /* GDTUnifiedNativeAd.h */ = {isa = PBXFileReference; fileEncoding = 4; lastKnownFileType = sourcecode.c.h; path = GDTUnifiedNativeAd.h; sourceTree = "<group>"; };
		BF6317A72450556B00E4DAD3 /* GDTVideoConfig.h */ = {isa = PBXFileReference; fileEncoding = 4; lastKnownFileType = sourcecode.c.h; path = GDTVideoConfig.h; sourceTree = "<group>"; };
		BF6317A92450556B00E4DAD3 /* BUAdSDK.framework */ = {isa = PBXFileReference; lastKnownFileType = wrapper.framework; path = BUAdSDK.framework; sourceTree = "<group>"; };
		BF6317AA2450556B00E4DAD3 /* BUFoundation.framework */ = {isa = PBXFileReference; lastKnownFileType = wrapper.framework; path = BUFoundation.framework; sourceTree = "<group>"; };
		BF6317AB2450556B00E4DAD3 /* BUAdSDK.bundle */ = {isa = PBXFileReference; lastKnownFileType = "wrapper.plug-in"; path = BUAdSDK.bundle; sourceTree = "<group>"; };
		BF6317AC2450556B00E4DAD3 /* MBADConnector.framework */ = {isa = PBXFileReference; lastKnownFileType = wrapper.framework; path = MBADConnector.framework; sourceTree = "<group>"; };
		BF6317AE2450556B00E4DAD3 /* MDADConnector.framework */ = {isa = PBXFileReference; lastKnownFileType = wrapper.framework; path = MDADConnector.framework; sourceTree = "<group>"; };
		BF6317AF2450556B00E4DAD3 /* baidumobadsdk.bundle */ = {isa = PBXFileReference; lastKnownFileType = "wrapper.plug-in"; path = baidumobadsdk.bundle; sourceTree = "<group>"; };
		BF6317B02450556B00E4DAD3 /* BaiduMobAdSDK.framework */ = {isa = PBXFileReference; lastKnownFileType = wrapper.framework; path = BaiduMobAdSDK.framework; sourceTree = "<group>"; };
		BF6317B22450556B00E4DAD3 /* KSAdSDK.bundle */ = {isa = PBXFileReference; lastKnownFileType = "wrapper.plug-in"; path = KSAdSDK.bundle; sourceTree = "<group>"; };
		BF6317B32450556B00E4DAD3 /* MKADConnector.framework */ = {isa = PBXFileReference; lastKnownFileType = wrapper.framework; path = MKADConnector.framework; sourceTree = "<group>"; };
		BF6317B42450556B00E4DAD3 /* KSAdSDK.framework */ = {isa = PBXFileReference; lastKnownFileType = wrapper.framework; path = KSAdSDK.framework; sourceTree = "<group>"; };
		BF64B3442477C858001306BB /* nanopb.xcframework */ = {isa = PBXFileReference; lastKnownFileType = wrapper.xcframework; path = nanopb.xcframework; sourceTree = "<group>"; };
		BF64B3452477C858001306BB /* GoogleAppMeasurement.framework */ = {isa = PBXFileReference; lastKnownFileType = wrapper.framework; path = GoogleAppMeasurement.framework; sourceTree = "<group>"; };
		BF64B3462477C858001306BB /* MOADConnector.framework */ = {isa = PBXFileReference; lastKnownFileType = wrapper.framework; path = MOADConnector.framework; sourceTree = "<group>"; };
		BF64B3472477C858001306BB /* GoogleMobileAds.framework */ = {isa = PBXFileReference; lastKnownFileType = wrapper.framework; path = GoogleMobileAds.framework; sourceTree = "<group>"; };
		BF64B3482477C858001306BB /* GoogleUtilities.xcframework */ = {isa = PBXFileReference; lastKnownFileType = wrapper.xcframework; path = GoogleUtilities.xcframework; sourceTree = "<group>"; };
		BF64B34E2477CE0F001306BB /* PromisesObjC.xcframework */ = {isa = PBXFileReference; lastKnownFileType = wrapper.xcframework; path = PromisesObjC.xcframework; sourceTree = "<group>"; };
		BF7F562A2473CDFC00E9E8D4 /* MobADNativeFeedDetailViewController.h */ = {isa = PBXFileReference; lastKnownFileType = sourcecode.c.h; path = MobADNativeFeedDetailViewController.h; sourceTree = "<group>"; };
		BF7F562B2473CDFC00E9E8D4 /* MobADNativeFeedDetailViewController.m */ = {isa = PBXFileReference; lastKnownFileType = sourcecode.c.objc; path = MobADNativeFeedDetailViewController.m; sourceTree = "<group>"; };
		BF7F562D2473CEF500E9E8D4 /* MobADNativeFeedTableViewCell.h */ = {isa = PBXFileReference; lastKnownFileType = sourcecode.c.h; path = MobADNativeFeedTableViewCell.h; sourceTree = "<group>"; };
		BF7F562E2473CEF500E9E8D4 /* MobADNativeFeedTableViewCell.m */ = {isa = PBXFileReference; lastKnownFileType = sourcecode.c.objc; path = MobADNativeFeedTableViewCell.m; sourceTree = "<group>"; };
		BF7F562F2473CEF500E9E8D4 /* MobADNativeFeedTableViewCell.xib */ = {isa = PBXFileReference; lastKnownFileType = file.xib; path = MobADNativeFeedTableViewCell.xib; sourceTree = "<group>"; };
		BFAB81C524248C4E004628A3 /* FCommon.framework */ = {isa = PBXFileReference; lastKnownFileType = wrapper.framework; path = FCommon.framework; sourceTree = "<group>"; };
		BFCE6C26246BF2E400D879AB /* MobADToolTableViewCell.h */ = {isa = PBXFileReference; lastKnownFileType = sourcecode.c.h; path = MobADToolTableViewCell.h; sourceTree = "<group>"; };
		BFCE6C27246BF2E400D879AB /* MobADToolTableViewCell.m */ = {isa = PBXFileReference; lastKnownFileType = sourcecode.c.objc; path = MobADToolTableViewCell.m; sourceTree = "<group>"; };
		BFCE6C28246BF2E400D879AB /* MobADToolTableViewCell.xib */ = {isa = PBXFileReference; lastKnownFileType = file.xib; path = MobADToolTableViewCell.xib; sourceTree = "<group>"; };
		BFCE6C2B246C0AB500D879AB /* MobADToolLinkViewController.h */ = {isa = PBXFileReference; lastKnownFileType = sourcecode.c.h; path = MobADToolLinkViewController.h; sourceTree = "<group>"; };
		BFCE6C2C246C0AB500D879AB /* MobADToolLinkViewController.m */ = {isa = PBXFileReference; lastKnownFileType = sourcecode.c.objc; path = MobADToolLinkViewController.m; sourceTree = "<group>"; };
		BFCE6C35246E652B00D879AB /* MobADSplashViewController.h */ = {isa = PBXFileReference; lastKnownFileType = sourcecode.c.h; path = MobADSplashViewController.h; sourceTree = "<group>"; };
		BFCE6C36246E652B00D879AB /* MobADSplashViewController.m */ = {isa = PBXFileReference; lastKnownFileType = sourcecode.c.objc; path = MobADSplashViewController.m; sourceTree = "<group>"; };
		BFCE6C38246E67FC00D879AB /* MobADContentTableView.h */ = {isa = PBXFileReference; lastKnownFileType = sourcecode.c.h; path = MobADContentTableView.h; sourceTree = "<group>"; };
		BFCE6C39246E67FC00D879AB /* MobADContentTableView.m */ = {isa = PBXFileReference; lastKnownFileType = sourcecode.c.objc; path = MobADContentTableView.m; sourceTree = "<group>"; };
		BFCE6C3B246E6A8000D879AB /* MobADContentTableViewCell.h */ = {isa = PBXFileReference; lastKnownFileType = sourcecode.c.h; path = MobADContentTableViewCell.h; sourceTree = "<group>"; };
		BFCE6C3C246E6A8000D879AB /* MobADContentTableViewCell.m */ = {isa = PBXFileReference; lastKnownFileType = sourcecode.c.objc; path = MobADContentTableViewCell.m; sourceTree = "<group>"; };
		BFCE6C3D246E6A8000D879AB /* MobADContentTableViewCell.xib */ = {isa = PBXFileReference; lastKnownFileType = file.xib; path = MobADContentTableViewCell.xib; sourceTree = "<group>"; };
		BFCE6C40246E936100D879AB /* MobADInterstitalViewController.h */ = {isa = PBXFileReference; lastKnownFileType = sourcecode.c.h; path = MobADInterstitalViewController.h; sourceTree = "<group>"; };
		BFCE6C41246E936100D879AB /* MobADInterstitalViewController.m */ = {isa = PBXFileReference; lastKnownFileType = sourcecode.c.objc; path = MobADInterstitalViewController.m; sourceTree = "<group>"; };
		BFCE6C43246E963900D879AB /* MobADBannerViewController.h */ = {isa = PBXFileReference; lastKnownFileType = sourcecode.c.h; path = MobADBannerViewController.h; sourceTree = "<group>"; };
		BFCE6C44246E963900D879AB /* MobADBannerViewController.m */ = {isa = PBXFileReference; lastKnownFileType = sourcecode.c.objc; path = MobADBannerViewController.m; sourceTree = "<group>"; };
		BFCE6C46246E9FD600D879AB /* MobADNativeExpressViewController.h */ = {isa = PBXFileReference; lastKnownFileType = sourcecode.c.h; path = MobADNativeExpressViewController.h; sourceTree = "<group>"; };
		BFCE6C47246E9FD600D879AB /* MobADNativeExpressViewController.m */ = {isa = PBXFileReference; lastKnownFileType = sourcecode.c.objc; path = MobADNativeExpressViewController.m; sourceTree = "<group>"; };
		BFCE6C492472262D00D879AB /* MobADRewardViewController.h */ = {isa = PBXFileReference; lastKnownFileType = sourcecode.c.h; path = MobADRewardViewController.h; sourceTree = "<group>"; };
		BFCE6C4A2472262D00D879AB /* MobADRewardViewController.m */ = {isa = PBXFileReference; lastKnownFileType = sourcecode.c.objc; path = MobADRewardViewController.m; sourceTree = "<group>"; };
		BFCE6C4C24722B0C00D879AB /* MobADNativeViewController.h */ = {isa = PBXFileReference; lastKnownFileType = sourcecode.c.h; path = MobADNativeViewController.h; sourceTree = "<group>"; };
		BFCE6C4D24722B0C00D879AB /* MobADNativeViewController.m */ = {isa = PBXFileReference; lastKnownFileType = sourcecode.c.objc; path = MobADNativeViewController.m; sourceTree = "<group>"; };
		BFCE6C4F2472791D00D879AB /* MobADWkWebViewController.h */ = {isa = PBXFileReference; lastKnownFileType = sourcecode.c.h; path = MobADWkWebViewController.h; sourceTree = "<group>"; };
		BFCE6C502472791D00D879AB /* MobADWkWebViewController.m */ = {isa = PBXFileReference; lastKnownFileType = sourcecode.c.objc; path = MobADWkWebViewController.m; sourceTree = "<group>"; };
		BFCE6C52247374A500D879AB /* MobADNativeIDTableViewCell.h */ = {isa = PBXFileReference; lastKnownFileType = sourcecode.c.h; path = MobADNativeIDTableViewCell.h; sourceTree = "<group>"; };
		BFCE6C53247374A500D879AB /* MobADNativeIDTableViewCell.m */ = {isa = PBXFileReference; lastKnownFileType = sourcecode.c.objc; path = MobADNativeIDTableViewCell.m; sourceTree = "<group>"; };
		BFCE6C54247374A500D879AB /* MobADNativeIDTableViewCell.xib */ = {isa = PBXFileReference; lastKnownFileType = file.xib; path = MobADNativeIDTableViewCell.xib; sourceTree = "<group>"; };
		BFCE6C57247375CD00D879AB /* MobADNativeSwitchTableViewCell.h */ = {isa = PBXFileReference; lastKnownFileType = sourcecode.c.h; path = MobADNativeSwitchTableViewCell.h; sourceTree = "<group>"; };
		BFCE6C58247375CD00D879AB /* MobADNativeSwitchTableViewCell.m */ = {isa = PBXFileReference; lastKnownFileType = sourcecode.c.objc; path = MobADNativeSwitchTableViewCell.m; sourceTree = "<group>"; };
		BFCE6C59247375CD00D879AB /* MobADNativeSwitchTableViewCell.xib */ = {isa = PBXFileReference; lastKnownFileType = file.xib; path = MobADNativeSwitchTableViewCell.xib; sourceTree = "<group>"; };
		BFCE6C5C2473B88800D879AB /* MobADPrivacyView.h */ = {isa = PBXFileReference; lastKnownFileType = sourcecode.c.h; path = MobADPrivacyView.h; sourceTree = "<group>"; };
		BFCE6C5D2473B88800D879AB /* MobADPrivacyView.m */ = {isa = PBXFileReference; lastKnownFileType = sourcecode.c.objc; path = MobADPrivacyView.m; sourceTree = "<group>"; };
/* End PBXFileReference section */

/* Begin PBXFrameworksBuildPhase section */
		509777BB22F023BE00FA588C /* Frameworks */ = {
			isa = PBXFrameworksBuildPhase;
			buildActionMask = 2147483647;
			files = (
				5E94BC0B23796B66005E512B /* ImageIO.framework in Frameworks */,
				BF6317C02450556C00E4DAD3 /* KSAdSDK.framework in Frameworks */,
				5E7A13B3237B9F5A003E66C7 /* CoreMotion.framework in Frameworks */,
				5E7A13A2237B9E93003E66C7 /* AdSupport.framework in Frameworks */,
				5E7A13B0237B9F30003E66C7 /* SystemConfiguration.framework in Frameworks */,
				5E13D5982383E0C7008C3DCC /* CoreTelephony.framework in Frameworks */,
				BF2783B52403CEAE009C980C /* AVFoundation.framework in Frameworks */,
				BF64B34D2477C858001306BB /* GoogleUtilities.xcframework in Frameworks */,
				BF2783B42403CEA1009C980C /* CoreLocation.framework in Frameworks */,
				BF6317BD2450556C00E4DAD3 /* BaiduMobAdSDK.framework in Frameworks */,
				5E7A139D237B9E75003E66C7 /* CoreMedia.framework in Frameworks */,
				BF6317B52450556C00E4DAD3 /* libGDTMobSDK.a in Frameworks */,
				5E7A139E237B9E75003E66C7 /* MediaPlayer.framework in Frameworks */,
				BF5E2EB4242C513800C5B187 /* WebKit.framework in Frameworks */,
				BF6317832450544E00E4DAD3 /* MobAD.framework in Frameworks */,
				BF2783B32403CE84009C980C /* MessageUI.framework in Frameworks */,
				BF2783B12403CE7B009C980C /* SafariServices.framework in Frameworks */,
				5E13D59A2383E0D2008C3DCC /* CoreData.framework in Frameworks */,
				5E13D5972383E0B5008C3DCC /* Security.framework in Frameworks */,
				BF6317BB2450556C00E4DAD3 /* MDADConnector.framework in Frameworks */,
				5E13D5952383E0A9008C3DCC /* CoreGraphics.framework in Frameworks */,
				BF6317B62450556C00E4DAD3 /* MGADConnector.framework in Frameworks */,
				BF64B3492477C858001306BB /* nanopb.xcframework in Frameworks */,
				5E7A13B4237B9F62003E66C7 /* Accelerate.framework in Frameworks */,
				5E7A13B1237B9F3C003E66C7 /* MobileCoreServices.framework in Frameworks */,
				BF6317B82450556C00E4DAD3 /* BUFoundation.framework in Frameworks */,
				5E7A139A237B9E56003E66C7 /* libsqlite3.tbd in Frameworks */,
				BF6317BA2450556C00E4DAD3 /* MBADConnector.framework in Frameworks */,
				5E94BC0F23796BD7005E512B /* libresolv.9.tbd in Frameworks */,
				506A800D22F170A6008A3653 /* libxml2.tbd in Frameworks */,
				BF6317BF2450556C00E4DAD3 /* MKADConnector.framework in Frameworks */,
				5097781122F0391100FA588C /* libc++.tbd in Frameworks */,
				BF64B34B2477C858001306BB /* MOADConnector.framework in Frameworks */,
				BF64B34C2477C858001306BB /* GoogleMobileAds.framework in Frameworks */,
				5097780F22F0390000FA588C /* libz.tbd in Frameworks */,
				BF64B34A2477C858001306BB /* GoogleAppMeasurement.framework in Frameworks */,
				BF64B34F2477CE0F001306BB /* PromisesObjC.xcframework in Frameworks */,
				BFAB81C624248C4E004628A3 /* FCommon.framework in Frameworks */,
				BF6317B72450556C00E4DAD3 /* BUAdSDK.framework in Frameworks */,
			);
			runOnlyForDeploymentPostprocessing = 0;
		};
		509777D322F023C000FA588C /* Frameworks */ = {
			isa = PBXFrameworksBuildPhase;
			buildActionMask = 2147483647;
			files = (
			);
			runOnlyForDeploymentPostprocessing = 0;
		};
/* End PBXFrameworksBuildPhase section */

/* Begin PBXGroup section */
		509777B522F023BE00FA588C = {
			isa = PBXGroup;
			children = (
				50AB96E622FBDDBC00F42548 /* SDK */,
				509777C022F023BE00FA588C /* MobADDemo */,
				509777D922F023C000FA588C /* MobADDemoTests */,
				509777BF22F023BE00FA588C /* Products */,
				5097780D22F038FF00FA588C /* Frameworks */,
			);
			sourceTree = "<group>";
		};
		509777BF22F023BE00FA588C /* Products */ = {
			isa = PBXGroup;
			children = (
				509777BE22F023BE00FA588C /* MobADDemo.app */,
				509777D622F023C000FA588C /* MobADDemoTests.xctest */,
			);
			name = Products;
			sourceTree = "<group>";
		};
		509777C022F023BE00FA588C /* MobADDemo */ = {
			isa = PBXGroup;
			children = (
				B1132C7024A997B300270D90 /* MobADDemo.entitlements */,
				BF39083F2432138E00681D19 /* DebugViewController.h */,
				BF3908402432138E00681D19 /* DebugViewController.m */,
				509777C122F023BE00FA588C /* AppDelegate.h */,
				509777C222F023BE00FA588C /* AppDelegate.m */,
				5E94BC45237AB3EA005E512B /* LaunchViewController.h */,
				5E94BC46237AB3EA005E512B /* LaunchViewController.m */,
				5E94BC47237AB3EA005E512B /* LaunchViewController.xib */,
				BF5FE9E5246905E9008B3054 /* MobNewDemo */,
				5E9D358C231FE70A00F1A1B6 /* Category */,
				5E9D3723232F302400F1A1B6 /* MADDemo */,
				5E9D35932320EBD100F1A1B6 /* Views */,
				5E9D35E723220F5C00F1A1B6 /* drawVideo */,
				5E13D5A72384F631008C3DCC /* Supporting Files */,
			);
			path = MobADDemo;
			sourceTree = "<group>";
		};
		509777D922F023C000FA588C /* MobADDemoTests */ = {
			isa = PBXGroup;
			children = (
				509777DA22F023C000FA588C /* MOBAdsDemoTests.m */,
				509777DC22F023C000FA588C /* Info.plist */,
			);
			path = MobADDemoTests;
			sourceTree = "<group>";
		};
		5097780D22F038FF00FA588C /* Frameworks */ = {
			isa = PBXGroup;
			children = (
				BF5E2EB3242C513800C5B187 /* WebKit.framework */,
				BF2783B22403CE83009C980C /* MessageUI.framework */,
				BF2783B02403CE7B009C980C /* SafariServices.framework */,
				5E13D5992383E0D2008C3DCC /* CoreData.framework */,
				5E13D5962383E0B5008C3DCC /* Security.framework */,
				5E13D5942383E0A9008C3DCC /* CoreGraphics.framework */,
				5E7A13AD237B9EDF003E66C7 /* CoreLocation.framework */,
				5E7A13AB237B9ECC003E66C7 /* CoreMotion.framework */,
				5E7A13A9237B9EC0003E66C7 /* MobileCoreServices.framework */,
				5E7A13A7237B9EB4003E66C7 /* CoreTelephony.framework */,
				5E7A13A5237B9EA9003E66C7 /* SystemConfiguration.framework */,
				5E7A139F237B9E93003E66C7 /* Accelerate.framework */,
				5E7A13A0237B9E93003E66C7 /* AdSupport.framework */,
				5E7A139B237B9E75003E66C7 /* CoreMedia.framework */,
				5E7A139C237B9E75003E66C7 /* MediaPlayer.framework */,
				5E7A1399237B9E56003E66C7 /* libsqlite3.tbd */,
				5E94BC0A23796B66005E512B /* ImageIO.framework */,
				5E94BBF923796643005E512B /* libresolv.9.tbd */,
				506A801022F17138008A3653 /* AVFoundation.framework */,
				506A800C22F170A6008A3653 /* libxml2.tbd */,
				5097781022F0391100FA588C /* libc++.tbd */,
				5097780E22F0390000FA588C /* libz.tbd */,
			);
			name = Frameworks;
			sourceTree = "<group>";
		};
		50AB96E622FBDDBC00F42548 /* SDK */ = {
			isa = PBXGroup;
			children = (
				50AB96E722FBDDBC00F42548 /* MobAD */,
				50AB970122FBDDBC00F42548 /* Required */,
			);
			name = SDK;
			path = ../../SDK;
			sourceTree = "<group>";
		};
		50AB96E722FBDDBC00F42548 /* MobAD */ = {
			isa = PBXGroup;
			children = (
				BF6317822450544E00E4DAD3 /* MobAD.framework */,
				0B159D7A233234C30038F086 /* MobAD.bundle */,
				50AB96E922FBDDBC00F42548 /* Channels */,
			);
			path = MobAD;
			sourceTree = "<group>";
		};
		50AB96E922FBDDBC00F42548 /* Channels */ = {
			isa = PBXGroup;
			children = (
				BF64B3432477C858001306BB /* GOEAdSDK */,
				BF6317AD2450556B00E4DAD3 /* BQTAdSDK */,
				BF6317A82450556B00E4DAD3 /* BUAdSDK */,
				BF6317902450556B00E4DAD3 /* GDTMobSDK */,
				BF6317B12450556B00E4DAD3 /* KSAdSDK */,
			);
			path = Channels;
			sourceTree = "<group>";
		};
		50AB970122FBDDBC00F42548 /* Required */ = {
			isa = PBXGroup;
			children = (
				BFAB81C524248C4E004628A3 /* FCommon.framework */,
			);
			path = Required;
			sourceTree = "<group>";
		};
		5E13D5A72384F631008C3DCC /* Supporting Files */ = {
			isa = PBXGroup;
			children = (
				50C5882D2302633D00FB7A55 /* Const.h */,
				B1DF65CB231995CF0075DB9B /* MOBAdsPrefixHeader.pch */,
				509777D022F023BF00FA588C /* main.m */,
				5E398FC1234F5FBC002AB597 /* Assets.xcassets */,
				509777CF22F023BF00FA588C /* Info.plist */,
			);
			path = "Supporting Files";
			sourceTree = "<group>";
		};
		5E13D5A82384F709008C3DCC /* MBProgressHUD */ = {
			isa = PBXGroup;
			children = (
				BF2783912403C123009C980C /* HUDManager.h */,
				BF2783922403C123009C980C /* HUDManager.m */,
				BF2783932403C123009C980C /* MBProgressHUD.bundle */,
				5E13D5AA2384F723008C3DCC /* MBProgressHUD.h */,
				5E13D5A92384F723008C3DCC /* MBProgressHUD.m */,
			);
			path = MBProgressHUD;
			sourceTree = "<group>";
		};
		5E9D358C231FE70A00F1A1B6 /* Category */ = {
			isa = PBXGroup;
			children = (
				5E9D358D231FE71500F1A1B6 /* UIView+Draw.h */,
				5E9D358E231FE71500F1A1B6 /* UIView+Draw.m */,
				5EC25DBE238BD2F000438AB7 /* UIImage+Color.h */,
				5EC25DBF238BD2F000438AB7 /* UIImage+Color.m */,
			);
			path = Category;
			sourceTree = "<group>";
		};
		5E9D35932320EBD100F1A1B6 /* Views */ = {
			isa = PBXGroup;
			children = (
				5E13D5A82384F709008C3DCC /* MBProgressHUD */,
				5E9D35942320EC0500F1A1B6 /* MobADNormalButton.h */,
				5E9D35952320EC0500F1A1B6 /* MobADNormalButton.m */,
			);
			path = Views;
			sourceTree = "<group>";
		};
		5E9D35E723220F5C00F1A1B6 /* drawVideo */ = {
			isa = PBXGroup;
			children = (
				BF5FE9E9246951C0008B3054 /* launchMain.png */,
				5E94BC40237AB3B4005E512B /* launchPic.jpg */,
				5E70DD042340B48100AA29FA /* drawLocal_110.mov */,
				5E70DCFD2340B48100AA29FA /* drawLocal_111.mov */,
				5E70DCFE2340B48100AA29FA /* drawLocal_112.mov */,
				5E9D35E823220F5C00F1A1B6 /* feedInfo.cactus */,
			);
			path = drawVideo;
			sourceTree = "<group>";
		};
		5E9D3723232F302400F1A1B6 /* MADDemo */ = {
			isa = PBXGroup;
			children = (
				5ED6B89823575D6800CBE455 /* MADSplashViewController.h */,
				5ED6B89923575D6800CBE455 /* MADSplashViewController.m */,
				5E9D3727232F303E00F1A1B6 /* MADBannerViewController.h */,
				5E9D3728232F303E00F1A1B6 /* MADBannerViewController.m */,
				5E9D372A232F30C800F1A1B6 /* MADInterstitialViewController.h */,
				5E9D372B232F30C800F1A1B6 /* MADInterstitialViewController.m */,
				5E9D35D3232131B800F1A1B6 /* MobADDrawVideoAdViewController.h */,
				5E9D35D4232131B800F1A1B6 /* MobADDrawVideoAdViewController.m */,
				5E9D35D92321338100F1A1B6 /* MobADDrawTableViewCell.h */,
				5E9D35DA2321338100F1A1B6 /* MobADDrawTableViewCell.m */,
				5E9D35DC232137E000F1A1B6 /* MobADPlayerViewController.h */,
				5E9D35DD232137E000F1A1B6 /* MobADPlayerViewController.m */,
				5EF9D5292330E03B0063DFA1 /* MADNativeExpressFeedViewController.h */,
				5EF9D52A2330E03B0063DFA1 /* MADNativeExpressFeedViewController.m */,
				5E732C412332272E00BFB339 /* MADNativeFeedViewController.h */,
				5E732C422332272E00BFB339 /* MADNativeFeedViewController.m */,
				5E732C47233238BD00BFB339 /* MADNativeFeedTableViewCell.h */,
				5E732C48233238BD00BFB339 /* MADNativeFeedTableViewCell.m */,
				5EC25DC1238BD6DC00438AB7 /* MADFullScreenVideoAdViewController.h */,
				5EC25DC2238BD6DC00438AB7 /* MADFullScreenVideoAdViewController.m */,
				5EC25DC4238BD92500438AB7 /* MADRewardVideoAdViewController.h */,
				5EC25DC5238BD92500438AB7 /* MADRewardVideoAdViewController.m */,
				5EC25DC7238BDB9200438AB7 /* MADDrawVideoFeedViewController.h */,
				5EC25DC8238BDB9200438AB7 /* MADDrawVideoFeedViewController.m */,
			);
			path = MADDemo;
			sourceTree = "<group>";
		};
		BF5FE9E5246905E9008B3054 /* MobNewDemo */ = {
			isa = PBXGroup;
			children = (
				BFCE6C34246E4DBE00D879AB /* MobADControllers */,
				BF5FEA0A246B8CE7008B3054 /* MobADForDebug */,
				BF5FE9F424695CA3008B3054 /* MobADDemoViews */,
				BF5FE9E62469063B008B3054 /* MobADTabBarController.h */,
				BF5FE9E72469063B008B3054 /* MobADTabBarController.m */,
				BF5FE9EB24695222008B3054 /* MobADMainViewController.h */,
				BF5FE9EC24695222008B3054 /* MobADMainViewController.m */,
				BF5FE9EE24695268008B3054 /* MobADSettingViewController.h */,
				BF5FE9EF24695268008B3054 /* MobADSettingViewController.m */,
				BF5FE9FF246A56A9008B3054 /* MobADAboutViewController.h */,
				BF5FEA00246A56A9008B3054 /* MobADAboutViewController.m */,
			);
			path = MobNewDemo;
			sourceTree = "<group>";
		};
		BF5FE9F424695CA3008B3054 /* MobADDemoViews */ = {
			isa = PBXGroup;
			children = (
				BF5FE9F524695CEF008B3054 /* MobADMainCollectionViewCell.h */,
				BF5FE9F624695CEF008B3054 /* MobADMainCollectionViewCell.m */,
				BF5FE9F724695CEF008B3054 /* MobADMainCollectionViewCell.xib */,
				BF5FE9FA246A4F1E008B3054 /* MobADSetTableViewCell.h */,
				BF5FE9FB246A4F1E008B3054 /* MobADSetTableViewCell.m */,
				BF5FE9FC246A4F1E008B3054 /* MobADSetTableViewCell.xib */,
				BF5FEA02246A85A9008B3054 /* MobADAboutTableViewCell.h */,
				BF5FEA03246A85A9008B3054 /* MobADAboutTableViewCell.m */,
				BF5FEA04246A85A9008B3054 /* MobADAboutTableViewCell.xib */,
				BF5FEA07246A8B31008B3054 /* MobADDeviceAlertView.h */,
				BF5FEA08246A8B31008B3054 /* MobADDeviceAlertView.m */,
				BFCE6C38246E67FC00D879AB /* MobADContentTableView.h */,
				BFCE6C39246E67FC00D879AB /* MobADContentTableView.m */,
				BFCE6C3B246E6A8000D879AB /* MobADContentTableViewCell.h */,
				BFCE6C3C246E6A8000D879AB /* MobADContentTableViewCell.m */,
				BFCE6C3D246E6A8000D879AB /* MobADContentTableViewCell.xib */,
				BFCE6C52247374A500D879AB /* MobADNativeIDTableViewCell.h */,
				BFCE6C53247374A500D879AB /* MobADNativeIDTableViewCell.m */,
				BFCE6C54247374A500D879AB /* MobADNativeIDTableViewCell.xib */,
				BFCE6C57247375CD00D879AB /* MobADNativeSwitchTableViewCell.h */,
				BFCE6C58247375CD00D879AB /* MobADNativeSwitchTableViewCell.m */,
				BFCE6C59247375CD00D879AB /* MobADNativeSwitchTableViewCell.xib */,
				BFCE6C5C2473B88800D879AB /* MobADPrivacyView.h */,
				BFCE6C5D2473B88800D879AB /* MobADPrivacyView.m */,
				BF7F562D2473CEF500E9E8D4 /* MobADNativeFeedTableViewCell.h */,
				BF7F562E2473CEF500E9E8D4 /* MobADNativeFeedTableViewCell.m */,
				BF7F562F2473CEF500E9E8D4 /* MobADNativeFeedTableViewCell.xib */,
			);
			path = MobADDemoViews;
			sourceTree = "<group>";
		};
		BF5FEA0A246B8CE7008B3054 /* MobADForDebug */ = {
			isa = PBXGroup;
			children = (
				BF5FE9F124695285008B3054 /* MobADToolViewController.h */,
				BF5FE9F224695285008B3054 /* MobADToolViewController.m */,
				BF5FEA0B246B8D0D008B3054 /* MobADDemoBebugSetViewController.h */,
				BF5FEA0C246B8D0D008B3054 /* MobADDemoBebugSetViewController.m */,
				BF5FEA0E246B9A0B008B3054 /* MobADSetDebugTableViewCell.h */,
				BF5FEA0F246B9A0B008B3054 /* MobADSetDebugTableViewCell.m */,
				BF5FEA10246B9A0B008B3054 /* MobADSetDebugTableViewCell.xib */,
				BFCE6C26246BF2E400D879AB /* MobADToolTableViewCell.h */,
				BFCE6C27246BF2E400D879AB /* MobADToolTableViewCell.m */,
				BFCE6C28246BF2E400D879AB /* MobADToolTableViewCell.xib */,
				BFCE6C2B246C0AB500D879AB /* MobADToolLinkViewController.h */,
				BFCE6C2C246C0AB500D879AB /* MobADToolLinkViewController.m */,
				BFCE6C4F2472791D00D879AB /* MobADWkWebViewController.h */,
				BFCE6C502472791D00D879AB /* MobADWkWebViewController.m */,
			);
			path = MobADForDebug;
			sourceTree = "<group>";
		};
		BF6317902450556B00E4DAD3 /* GDTMobSDK */ = {
			isa = PBXGroup;
			children = (
				BF6317912450556B00E4DAD3 /* GDTRewardVideoAdNetworkAdapterProtocol.h */,
				BF6317922450556B00E4DAD3 /* GDTNativeExpressAdView.h */,
				BF6317932450556B00E4DAD3 /* GDTMobBannerView.h */,
				BF6317942450556B00E4DAD3 /* GDTUnifiedBannerView.h */,
				BF6317952450556B00E4DAD3 /* GDTNativeAd.h */,
				BF6317962450556B00E4DAD3 /* GDTSDKConfig.h */,
				BF6317972450556B00E4DAD3 /* GDTBaseAdNetworkAdapterProtocol.h */,
				BF6317982450556B00E4DAD3 /* GDTMobInterstitial.h */,
				BF6317992450556B00E4DAD3 /* GDTRewardVideoAd.h */,
				BF63179A2450556B00E4DAD3 /* GDTSplashAd.h */,
				BF63179B2450556B00E4DAD3 /* GDTNativeExpressAd.h */,
				BF63179C2450556B00E4DAD3 /* GDTLogoView.h */,
				BF63179D2450556B00E4DAD3 /* GDTMediaView.h */,
				BF63179E2450556B00E4DAD3 /* GDTUnifiedNativeAdView.h */,
				BF63179F2450556B00E4DAD3 /* GDTHybridAd.h */,
				BF6317A02450556B00E4DAD3 /* GDTUnifiedNativeAdDataObject.h */,
				BF6317A12450556B00E4DAD3 /* GDTSDKDefines.h */,
				BF6317A22450556B00E4DAD3 /* GDTUnifiedInterstitialAd.h */,
				BF6317A32450556B00E4DAD3 /* libGDTMobSDK.a */,
				BF6317A42450556B00E4DAD3 /* GDTRewardVideoAdNetworkConnectorProtocol.h */,
				BF6317A52450556B00E4DAD3 /* MGADConnector.framework */,
				BF6317A62450556B00E4DAD3 /* GDTUnifiedNativeAd.h */,
				BF6317A72450556B00E4DAD3 /* GDTVideoConfig.h */,
			);
			path = GDTMobSDK;
			sourceTree = "<group>";
		};
		BF6317A82450556B00E4DAD3 /* BUAdSDK */ = {
			isa = PBXGroup;
			children = (
				BF6317A92450556B00E4DAD3 /* BUAdSDK.framework */,
				BF6317AA2450556B00E4DAD3 /* BUFoundation.framework */,
				BF6317AB2450556B00E4DAD3 /* BUAdSDK.bundle */,
				BF6317AC2450556B00E4DAD3 /* MBADConnector.framework */,
			);
			path = BUAdSDK;
			sourceTree = "<group>";
		};
		BF6317AD2450556B00E4DAD3 /* BQTAdSDK */ = {
			isa = PBXGroup;
			children = (
				BF6317AE2450556B00E4DAD3 /* MDADConnector.framework */,
				BF6317AF2450556B00E4DAD3 /* baidumobadsdk.bundle */,
				BF6317B02450556B00E4DAD3 /* BaiduMobAdSDK.framework */,
			);
			path = BQTAdSDK;
			sourceTree = "<group>";
		};
		BF6317B12450556B00E4DAD3 /* KSAdSDK */ = {
			isa = PBXGroup;
			children = (
				BF6317B22450556B00E4DAD3 /* KSAdSDK.bundle */,
				BF6317B32450556B00E4DAD3 /* MKADConnector.framework */,
				BF6317B42450556B00E4DAD3 /* KSAdSDK.framework */,
			);
			path = KSAdSDK;
			sourceTree = "<group>";
		};
		BF64B3432477C858001306BB /* GOEAdSDK */ = {
			isa = PBXGroup;
			children = (
				BF64B34E2477CE0F001306BB /* PromisesObjC.xcframework */,
				BF64B3442477C858001306BB /* nanopb.xcframework */,
				BF64B3452477C858001306BB /* GoogleAppMeasurement.framework */,
				BF64B3462477C858001306BB /* MOADConnector.framework */,
				BF64B3472477C858001306BB /* GoogleMobileAds.framework */,
				BF64B3482477C858001306BB /* GoogleUtilities.xcframework */,
			);
			path = GOEAdSDK;
			sourceTree = "<group>";
		};
		BFCE6C34246E4DBE00D879AB /* MobADControllers */ = {
			isa = PBXGroup;
			children = (
				BFCE6C35246E652B00D879AB /* MobADSplashViewController.h */,
				BFCE6C36246E652B00D879AB /* MobADSplashViewController.m */,
				BFCE6C40246E936100D879AB /* MobADInterstitalViewController.h */,
				BFCE6C41246E936100D879AB /* MobADInterstitalViewController.m */,
				BFCE6C43246E963900D879AB /* MobADBannerViewController.h */,
				BFCE6C44246E963900D879AB /* MobADBannerViewController.m */,
				BFCE6C46246E9FD600D879AB /* MobADNativeExpressViewController.h */,
				BFCE6C47246E9FD600D879AB /* MobADNativeExpressViewController.m */,
				BFCE6C492472262D00D879AB /* MobADRewardViewController.h */,
				BFCE6C4A2472262D00D879AB /* MobADRewardViewController.m */,
				BFCE6C4C24722B0C00D879AB /* MobADNativeViewController.h */,
				BFCE6C4D24722B0C00D879AB /* MobADNativeViewController.m */,
				BF7F562A2473CDFC00E9E8D4 /* MobADNativeFeedDetailViewController.h */,
				BF7F562B2473CDFC00E9E8D4 /* MobADNativeFeedDetailViewController.m */,
			);
			path = MobADControllers;
			sourceTree = "<group>";
		};
/* End PBXGroup section */

/* Begin PBXNativeTarget section */
		509777BD22F023BE00FA588C /* MobADDemo */ = {
			isa = PBXNativeTarget;
			buildConfigurationList = 509777DF22F023C000FA588C /* Build configuration list for PBXNativeTarget "MobADDemo" */;
			buildPhases = (
				509777BA22F023BE00FA588C /* Sources */,
				509777BB22F023BE00FA588C /* Frameworks */,
				509777BC22F023BE00FA588C /* Resources */,
				BF64B3502477CEDA001306BB /* ShellScript */,
			);
			buildRules = (
			);
			dependencies = (
			);
			name = MobADDemo;
			productName = MOBAdsDemo;
			productReference = 509777BE22F023BE00FA588C /* MobADDemo.app */;
			productType = "com.apple.product-type.application";
		};
		509777D522F023C000FA588C /* MobADDemoTests */ = {
			isa = PBXNativeTarget;
			buildConfigurationList = 509777E222F023C000FA588C /* Build configuration list for PBXNativeTarget "MobADDemoTests" */;
			buildPhases = (
				509777D222F023C000FA588C /* Sources */,
				509777D322F023C000FA588C /* Frameworks */,
				509777D422F023C000FA588C /* Resources */,
			);
			buildRules = (
			);
			dependencies = (
				509777D822F023C000FA588C /* PBXTargetDependency */,
			);
			name = MobADDemoTests;
			productName = MOBAdsDemoTests;
			productReference = 509777D622F023C000FA588C /* MobADDemoTests.xctest */;
			productType = "com.apple.product-type.bundle.unit-test";
		};
/* End PBXNativeTarget section */

/* Begin PBXProject section */
		509777B622F023BE00FA588C /* Project object */ = {
			isa = PBXProject;
			attributes = {
				LastUpgradeCheck = 1020;
				ORGANIZATIONNAME = Max;
				TargetAttributes = {
					509777BD22F023BE00FA588C = {
						CreatedOnToolsVersion = 10.2.1;
					};
					509777D522F023C000FA588C = {
						CreatedOnToolsVersion = 10.2.1;
						TestTargetID = 509777BD22F023BE00FA588C;
					};
				};
			};
			buildConfigurationList = 509777B922F023BE00FA588C /* Build configuration list for PBXProject "MobADDemo" */;
			compatibilityVersion = "Xcode 9.3";
			developmentRegion = en;
			hasScannedForEncodings = 0;
			knownRegions = (
				en,
				Base,
			);
			mainGroup = 509777B522F023BE00FA588C;
			productRefGroup = 509777BF22F023BE00FA588C /* Products */;
			projectDirPath = "";
			projectRoot = "";
			targets = (
				509777BD22F023BE00FA588C /* MobADDemo */,
				509777D522F023C000FA588C /* MobADDemoTests */,
			);
		};
/* End PBXProject section */

/* Begin PBXResourcesBuildPhase section */
		509777BC22F023BE00FA588C /* Resources */ = {
			isa = PBXResourcesBuildPhase;
			buildActionMask = 2147483647;
			files = (
				0B159D7B233234C30038F086 /* MobAD.bundle in Resources */,
				BFCE6C56247374A500D879AB /* MobADNativeIDTableViewCell.xib in Resources */,
				BF6317B92450556C00E4DAD3 /* BUAdSDK.bundle in Resources */,
				5E70DD0C2340B48100AA29FA /* drawLocal_110.mov in Resources */,
				BF7F56312473CEF500E9E8D4 /* MobADNativeFeedTableViewCell.xib in Resources */,
				BFCE6C3F246E6A8000D879AB /* MobADContentTableViewCell.xib in Resources */,
				5E70DD052340B48100AA29FA /* drawLocal_111.mov in Resources */,
				BFCE6C5B247375CD00D879AB /* MobADNativeSwitchTableViewCell.xib in Resources */,
				5E70DD062340B48100AA29FA /* drawLocal_112.mov in Resources */,
				5E94BC41237AB3B4005E512B /* launchPic.jpg in Resources */,
				BFCE6C2A246BF2E400D879AB /* MobADToolTableViewCell.xib in Resources */,
				BF5FE9FE246A4F1E008B3054 /* MobADSetTableViewCell.xib in Resources */,
				5E94BC49237AB3EA005E512B /* LaunchViewController.xib in Resources */,
				BF5FEA12246B9A0B008B3054 /* MobADSetDebugTableViewCell.xib in Resources */,
				BF2783952403C124009C980C /* MBProgressHUD.bundle in Resources */,
				BF6317BC2450556C00E4DAD3 /* baidumobadsdk.bundle in Resources */,
				BF6317BE2450556C00E4DAD3 /* KSAdSDK.bundle in Resources */,
				BF5FE9F924695CEF008B3054 /* MobADMainCollectionViewCell.xib in Resources */,
				5E398FC2234F5FBC002AB597 /* Assets.xcassets in Resources */,
				BF5FEA06246A85A9008B3054 /* MobADAboutTableViewCell.xib in Resources */,
				BF5FE9EA246951C0008B3054 /* launchMain.png in Resources */,
			);
			runOnlyForDeploymentPostprocessing = 0;
		};
		509777D422F023C000FA588C /* Resources */ = {
			isa = PBXResourcesBuildPhase;
			buildActionMask = 2147483647;
			files = (
			);
			runOnlyForDeploymentPostprocessing = 0;
		};
/* End PBXResourcesBuildPhase section */

/* Begin PBXShellScriptBuildPhase section */
		BF64B3502477CEDA001306BB /* ShellScript */ = {
			isa = PBXShellScriptBuildPhase;
			buildActionMask = 2147483647;
			files = (
			);
			inputFileListPaths = (
			);
			inputPaths = (
			);
			outputFileListPaths = (
			);
			outputPaths = (
			);
			runOnlyForDeploymentPostprocessing = 0;
			shellPath = /bin/sh;
			shellScript = "# Type a script or drag a script file from your workspace to insert its path.\n";
		};
/* End PBXShellScriptBuildPhase section */

/* Begin PBXSourcesBuildPhase section */
		509777BA22F023BE00FA588C /* Sources */ = {
			isa = PBXSourcesBuildPhase;
			buildActionMask = 2147483647;
			files = (
				BFCE6C48246E9FD600D879AB /* MobADNativeExpressViewController.m in Sources */,
				BF5FE9E82469063B008B3054 /* MobADTabBarController.m in Sources */,
				BFCE6C5E2473B88800D879AB /* MobADPrivacyView.m in Sources */,
				5ED6B89A23575D6800CBE455 /* MADSplashViewController.m in Sources */,
				BF5FE9F024695268008B3054 /* MobADSettingViewController.m in Sources */,
				5EC25DC3238BD6DC00438AB7 /* MADFullScreenVideoAdViewController.m in Sources */,
				BF7F56302473CEF500E9E8D4 /* MobADNativeFeedTableViewCell.m in Sources */,
				5E9D3729232F303E00F1A1B6 /* MADBannerViewController.m in Sources */,
				BFCE6C29246BF2E400D879AB /* MobADToolTableViewCell.m in Sources */,
				BFCE6C45246E963900D879AB /* MobADBannerViewController.m in Sources */,
				5EC25DC9238BDB9200438AB7 /* MADDrawVideoFeedViewController.m in Sources */,
				5E9D35DE232137E000F1A1B6 /* MobADPlayerViewController.m in Sources */,
				BFCE6C5A247375CD00D879AB /* MobADNativeSwitchTableViewCell.m in Sources */,
				5EF9D52B2330E03B0063DFA1 /* MADNativeExpressFeedViewController.m in Sources */,
				BFCE6C4B2472262D00D879AB /* MobADRewardViewController.m in Sources */,
				BF3908412432138E00681D19 /* DebugViewController.m in Sources */,
				509777D122F023BF00FA588C /* main.m in Sources */,
				BF7F562C2473CDFC00E9E8D4 /* MobADNativeFeedDetailViewController.m in Sources */,
				BFCE6C4E24722B0C00D879AB /* MobADNativeViewController.m in Sources */,
				BFCE6C512472791D00D879AB /* MobADWkWebViewController.m in Sources */,
				BFCE6C3E246E6A8000D879AB /* MobADContentTableViewCell.m in Sources */,
				BFCE6C37246E652B00D879AB /* MobADSplashViewController.m in Sources */,
				5EC25DC6238BD92500438AB7 /* MADRewardVideoAdViewController.m in Sources */,
				5E9D35DB2321338100F1A1B6 /* MobADDrawTableViewCell.m in Sources */,
				5E9D372C232F30C800F1A1B6 /* MADInterstitialViewController.m in Sources */,
				5E94BC48237AB3EA005E512B /* LaunchViewController.m in Sources */,
				BFCE6C42246E936100D879AB /* MobADInterstitalViewController.m in Sources */,
				BFCE6C55247374A500D879AB /* MobADNativeIDTableViewCell.m in Sources */,
				509777C322F023BE00FA588C /* AppDelegate.m in Sources */,
				5E9D35D5232131B800F1A1B6 /* MobADDrawVideoAdViewController.m in Sources */,
				BF5FEA05246A85A9008B3054 /* MobADAboutTableViewCell.m in Sources */,
				5E732C49233238BD00BFB339 /* MADNativeFeedTableViewCell.m in Sources */,
				BFCE6C2D246C0AB500D879AB /* MobADToolLinkViewController.m in Sources */,
				BF5FE9F824695CEF008B3054 /* MobADMainCollectionViewCell.m in Sources */,
				BF5FE9F324695285008B3054 /* MobADToolViewController.m in Sources */,
				5E9D358F231FE71500F1A1B6 /* UIView+Draw.m in Sources */,
				5E9D35962320EC0500F1A1B6 /* MobADNormalButton.m in Sources */,
				BFCE6C3A246E67FC00D879AB /* MobADContentTableView.m in Sources */,
				BF5FE9ED24695222008B3054 /* MobADMainViewController.m in Sources */,
				BF5FEA11246B9A0B008B3054 /* MobADSetDebugTableViewCell.m in Sources */,
				BF5FEA01246A56A9008B3054 /* MobADAboutViewController.m in Sources */,
				BF5FEA09246A8B31008B3054 /* MobADDeviceAlertView.m in Sources */,
				5EC25DC0238BD2F000438AB7 /* UIImage+Color.m in Sources */,
				BF5FE9FD246A4F1E008B3054 /* MobADSetTableViewCell.m in Sources */,
				BF5FEA0D246B8D0D008B3054 /* MobADDemoBebugSetViewController.m in Sources */,
				5E732C432332272E00BFB339 /* MADNativeFeedViewController.m in Sources */,
				5E13D5AB2384F723008C3DCC /* MBProgressHUD.m in Sources */,
				BF2783942403C124009C980C /* HUDManager.m in Sources */,
			);
			runOnlyForDeploymentPostprocessing = 0;
		};
		509777D222F023C000FA588C /* Sources */ = {
			isa = PBXSourcesBuildPhase;
			buildActionMask = 2147483647;
			files = (
				509777DB22F023C000FA588C /* MOBAdsDemoTests.m in Sources */,
			);
			runOnlyForDeploymentPostprocessing = 0;
		};
/* End PBXSourcesBuildPhase section */

/* Begin PBXTargetDependency section */
		509777D822F023C000FA588C /* PBXTargetDependency */ = {
			isa = PBXTargetDependency;
			target = 509777BD22F023BE00FA588C /* MobADDemo */;
			targetProxy = 509777D722F023C000FA588C /* PBXContainerItemProxy */;
		};
/* End PBXTargetDependency section */

/* Begin XCBuildConfiguration section */
		509777DD22F023C000FA588C /* Debug */ = {
			isa = XCBuildConfiguration;
			buildSettings = {
				ALWAYS_SEARCH_USER_PATHS = NO;
				CLANG_ANALYZER_NONNULL = YES;
				CLANG_ANALYZER_NUMBER_OBJECT_CONVERSION = YES_AGGRESSIVE;
				CLANG_CXX_LANGUAGE_STANDARD = "gnu++14";
				CLANG_CXX_LIBRARY = "libc++";
				CLANG_ENABLE_MODULES = YES;
				CLANG_ENABLE_OBJC_ARC = YES;
				CLANG_ENABLE_OBJC_WEAK = YES;
				CLANG_WARN_BLOCK_CAPTURE_AUTORELEASING = YES;
				CLANG_WARN_BOOL_CONVERSION = YES;
				CLANG_WARN_COMMA = YES;
				CLANG_WARN_CONSTANT_CONVERSION = YES;
				CLANG_WARN_DEPRECATED_OBJC_IMPLEMENTATIONS = YES;
				CLANG_WARN_DIRECT_OBJC_ISA_USAGE = YES_ERROR;
				CLANG_WARN_DOCUMENTATION_COMMENTS = YES;
				CLANG_WARN_EMPTY_BODY = YES;
				CLANG_WARN_ENUM_CONVERSION = YES;
				CLANG_WARN_INFINITE_RECURSION = YES;
				CLANG_WARN_INT_CONVERSION = YES;
				CLANG_WARN_NON_LITERAL_NULL_CONVERSION = YES;
				CLANG_WARN_OBJC_IMPLICIT_RETAIN_SELF = YES;
				CLANG_WARN_OBJC_LITERAL_CONVERSION = YES;
				CLANG_WARN_OBJC_ROOT_CLASS = YES_ERROR;
				CLANG_WARN_RANGE_LOOP_ANALYSIS = YES;
				CLANG_WARN_STRICT_PROTOTYPES = YES;
				CLANG_WARN_SUSPICIOUS_MOVE = YES;
				CLANG_WARN_UNGUARDED_AVAILABILITY = YES_AGGRESSIVE;
				CLANG_WARN_UNREACHABLE_CODE = YES;
				CLANG_WARN__DUPLICATE_METHOD_MATCH = YES;
				CODE_SIGN_IDENTITY = "iPhone Developer";
				COPY_PHASE_STRIP = NO;
				DEBUG_INFORMATION_FORMAT = dwarf;
				ENABLE_STRICT_OBJC_MSGSEND = YES;
				ENABLE_TESTABILITY = YES;
				GCC_C_LANGUAGE_STANDARD = gnu11;
				GCC_DYNAMIC_NO_PIC = NO;
				GCC_NO_COMMON_BLOCKS = YES;
				GCC_OPTIMIZATION_LEVEL = 0;
				GCC_PREPROCESSOR_DEFINITIONS = (
					"DEBUG=1",
					"$(inherited)",
				);
				GCC_WARN_64_TO_32_BIT_CONVERSION = YES;
				GCC_WARN_ABOUT_RETURN_TYPE = YES_ERROR;
				GCC_WARN_UNDECLARED_SELECTOR = YES;
				GCC_WARN_UNINITIALIZED_AUTOS = YES_AGGRESSIVE;
				GCC_WARN_UNUSED_FUNCTION = YES;
				GCC_WARN_UNUSED_VARIABLE = YES;
				IPHONEOS_DEPLOYMENT_TARGET = 9.0;
				MTL_ENABLE_DEBUG_INFO = INCLUDE_SOURCE;
				MTL_FAST_MATH = YES;
				ONLY_ACTIVE_ARCH = YES;
				SDKROOT = iphoneos;
			};
			name = Debug;
		};
		509777DE22F023C000FA588C /* Release */ = {
			isa = XCBuildConfiguration;
			buildSettings = {
				ALWAYS_SEARCH_USER_PATHS = NO;
				CLANG_ANALYZER_NONNULL = YES;
				CLANG_ANALYZER_NUMBER_OBJECT_CONVERSION = YES_AGGRESSIVE;
				CLANG_CXX_LANGUAGE_STANDARD = "gnu++14";
				CLANG_CXX_LIBRARY = "libc++";
				CLANG_ENABLE_MODULES = YES;
				CLANG_ENABLE_OBJC_ARC = YES;
				CLANG_ENABLE_OBJC_WEAK = YES;
				CLANG_WARN_BLOCK_CAPTURE_AUTORELEASING = YES;
				CLANG_WARN_BOOL_CONVERSION = YES;
				CLANG_WARN_COMMA = YES;
				CLANG_WARN_CONSTANT_CONVERSION = YES;
				CLANG_WARN_DEPRECATED_OBJC_IMPLEMENTATIONS = YES;
				CLANG_WARN_DIRECT_OBJC_ISA_USAGE = YES_ERROR;
				CLANG_WARN_DOCUMENTATION_COMMENTS = YES;
				CLANG_WARN_EMPTY_BODY = YES;
				CLANG_WARN_ENUM_CONVERSION = YES;
				CLANG_WARN_INFINITE_RECURSION = YES;
				CLANG_WARN_INT_CONVERSION = YES;
				CLANG_WARN_NON_LITERAL_NULL_CONVERSION = YES;
				CLANG_WARN_OBJC_IMPLICIT_RETAIN_SELF = YES;
				CLANG_WARN_OBJC_LITERAL_CONVERSION = YES;
				CLANG_WARN_OBJC_ROOT_CLASS = YES_ERROR;
				CLANG_WARN_RANGE_LOOP_ANALYSIS = YES;
				CLANG_WARN_STRICT_PROTOTYPES = YES;
				CLANG_WARN_SUSPICIOUS_MOVE = YES;
				CLANG_WARN_UNGUARDED_AVAILABILITY = YES_AGGRESSIVE;
				CLANG_WARN_UNREACHABLE_CODE = YES;
				CLANG_WARN__DUPLICATE_METHOD_MATCH = YES;
				CODE_SIGN_IDENTITY = "iPhone Developer";
				COPY_PHASE_STRIP = NO;
				DEBUG_INFORMATION_FORMAT = "dwarf-with-dsym";
				ENABLE_NS_ASSERTIONS = NO;
				ENABLE_STRICT_OBJC_MSGSEND = YES;
				GCC_C_LANGUAGE_STANDARD = gnu11;
				GCC_NO_COMMON_BLOCKS = YES;
				GCC_WARN_64_TO_32_BIT_CONVERSION = YES;
				GCC_WARN_ABOUT_RETURN_TYPE = YES_ERROR;
				GCC_WARN_UNDECLARED_SELECTOR = YES;
				GCC_WARN_UNINITIALIZED_AUTOS = YES_AGGRESSIVE;
				GCC_WARN_UNUSED_FUNCTION = YES;
				GCC_WARN_UNUSED_VARIABLE = YES;
				IPHONEOS_DEPLOYMENT_TARGET = 9.0;
				MTL_ENABLE_DEBUG_INFO = NO;
				MTL_FAST_MATH = YES;
				SDKROOT = iphoneos;
				VALIDATE_PRODUCT = YES;
			};
			name = Release;
		};
		509777E022F023C000FA588C /* Debug */ = {
			isa = XCBuildConfiguration;
			buildSettings = {
				ASSETCATALOG_COMPILER_APPICON_NAME = AppIcon;
				CODE_SIGN_ENTITLEMENTS = MobADDemo/MobADDemo.entitlements;
				CODE_SIGN_IDENTITY = "iPhone Developer";
				CODE_SIGN_STYLE = Manual;
				CURRENT_PROJECT_VERSION = 20200327;
				DEVELOPMENT_TEAM = LW5266U92D;
				ENABLE_BITCODE = NO;
				FRAMEWORK_SEARCH_PATHS = "$(SRCROOT)/../../SDK/**";
				GCC_PREFIX_HEADER = "MobADDemo/Supporting Files/MOBAdsPrefixHeader.pch";
				HEADER_SEARCH_PATHS = "$(SRCROOT)/../../SDK/**";
				INFOPLIST_FILE = "MobADDemo/Supporting Files/Info.plist";
				IPHONEOS_DEPLOYMENT_TARGET = 9.0;
				LD_GENERATE_MAP_FILE = YES;
				LD_RUNPATH_SEARCH_PATHS = (
					"$(inherited)",
					"@executable_path/Frameworks",
				);
				LIBRARY_SEARCH_PATHS = "$(SRCROOT)/../../SDK/**";
				MARKETING_VERSION = 2.2;
				ONLY_ACTIVE_ARCH = YES;
				OTHER_LDFLAGS = "-ObjC";
				PRODUCT_BUNDLE_IDENTIFIER = com.mob.product.ad;
				PRODUCT_NAME = MobADDemo;
				PROVISIONING_PROFILE_SPECIFIER = ad_dev;
				TARGETED_DEVICE_FAMILY = "1,2";
				USER_HEADER_SEARCH_PATHS = "$(SRCROOT)/../../SDK/**";
				VALID_ARCHS = "arm64 arm64e armv7 armv7s";
			};
			name = Debug;
		};
		509777E122F023C000FA588C /* Release */ = {
			isa = XCBuildConfiguration;
			buildSettings = {
				ASSETCATALOG_COMPILER_APPICON_NAME = AppIcon;
				CODE_SIGN_ENTITLEMENTS = MobADDemo/MobADDemo.entitlements;
				CODE_SIGN_IDENTITY = "iPhone Distribution";
				CODE_SIGN_STYLE = Manual;
				CURRENT_PROJECT_VERSION = 20200519;
				DEVELOPMENT_TEAM = LW5266U92D;
				ENABLE_BITCODE = NO;
				FRAMEWORK_SEARCH_PATHS = "$(SRCROOT)/../../SDK/**";
				GCC_PREFIX_HEADER = "MobADDemo/Supporting Files/MOBAdsPrefixHeader.pch";
				HEADER_SEARCH_PATHS = "$(SRCROOT)/../../SDK/**";
				INFOPLIST_FILE = "MobADDemo/Supporting Files/Info.plist";
				IPHONEOS_DEPLOYMENT_TARGET = 9.0;
				LD_GENERATE_MAP_FILE = YES;
				LD_RUNPATH_SEARCH_PATHS = (
					"$(inherited)",
					"@executable_path/Frameworks",
				);
				LIBRARY_SEARCH_PATHS = "$(SRCROOT)/../../SDK/**";
				MARKETING_VERSION = 2.2;
				ONLY_ACTIVE_ARCH = NO;
				OTHER_LDFLAGS = "-ObjC";
				PRODUCT_BUNDLE_IDENTIFIER = com.mob.product.ad;
				PRODUCT_NAME = MobADDemo;
				PROVISIONING_PROFILE_SPECIFIER = ADProvision;
				TARGETED_DEVICE_FAMILY = "1,2";
				USER_HEADER_SEARCH_PATHS = "$(SRCROOT)/../../SDK/**";
			};
			name = Release;
		};
		509777E322F023C000FA588C /* Debug */ = {
			isa = XCBuildConfiguration;
			buildSettings = {
				BUNDLE_LOADER = "$(TEST_HOST)";
				CODE_SIGN_IDENTITY = "iPhone Developer";
				CODE_SIGN_STYLE = Manual;
				DEVELOPMENT_TEAM = "";
				INFOPLIST_FILE = MobADDemoTests/Info.plist;
				LD_RUNPATH_SEARCH_PATHS = (
					"$(inherited)",
					"@executable_path/Frameworks",
					"@loader_path/Frameworks",
				);
				PRODUCT_BUNDLE_IDENTIFIER = com.mob.product.ad.MobADDemoTests;
				PRODUCT_NAME = "$(TARGET_NAME)";
				PROVISIONING_PROFILE_SPECIFIER = "";
				"PROVISIONING_PROFILE_SPECIFIER[sdk=macosx*]" = "";
				TARGETED_DEVICE_FAMILY = "1,2";
				TEST_HOST = "$(BUILT_PRODUCTS_DIR)/MobADDemo.app/MobADDemo";
			};
			name = Debug;
		};
		509777E422F023C000FA588C /* Release */ = {
			isa = XCBuildConfiguration;
			buildSettings = {
				BUNDLE_LOADER = "$(TEST_HOST)";
				CODE_SIGN_IDENTITY = "iPhone Developer";
				CODE_SIGN_STYLE = Automatic;
				DEVELOPMENT_TEAM = LW5266U92D;
				INFOPLIST_FILE = MobADDemoTests/Info.plist;
				LD_RUNPATH_SEARCH_PATHS = (
					"$(inherited)",
					"@executable_path/Frameworks",
					"@loader_path/Frameworks",
				);
				PRODUCT_BUNDLE_IDENTIFIER = com.mob.product.ad.MobADDemoTests;
				PRODUCT_NAME = "$(TARGET_NAME)";
				PROVISIONING_PROFILE_SPECIFIER = "";
				TARGETED_DEVICE_FAMILY = "1,2";
				TEST_HOST = "$(BUILT_PRODUCTS_DIR)/MobADDemo.app/MobADDemo";
			};
			name = Release;
		};
/* End XCBuildConfiguration section */

/* Begin XCConfigurationList section */
		509777B922F023BE00FA588C /* Build configuration list for PBXProject "MobADDemo" */ = {
			isa = XCConfigurationList;
			buildConfigurations = (
				509777DD22F023C000FA588C /* Debug */,
				509777DE22F023C000FA588C /* Release */,
			);
			defaultConfigurationIsVisible = 0;
			defaultConfigurationName = Release;
		};
		509777DF22F023C000FA588C /* Build configuration list for PBXNativeTarget "MobADDemo" */ = {
			isa = XCConfigurationList;
			buildConfigurations = (
				509777E022F023C000FA588C /* Debug */,
				509777E122F023C000FA588C /* Release */,
			);
			defaultConfigurationIsVisible = 0;
			defaultConfigurationName = Release;
		};
		509777E222F023C000FA588C /* Build configuration list for PBXNativeTarget "MobADDemoTests" */ = {
			isa = XCConfigurationList;
			buildConfigurations = (
				509777E322F023C000FA588C /* Debug */,
				509777E422F023C000FA588C /* Release */,
			);
			defaultConfigurationIsVisible = 0;
			defaultConfigurationName = Release;
		};
/* End XCConfigurationList section */
	};
	rootObject = 509777B622F023BE00FA588C /* Project object */;
}
